{
  "version": 4,
  "terraform_version": "1.14.7",
  "serial": 66,
  "lineage": "7272bbe4-a01b-9788-0ed7-c01a597dac39",
  "outputs": {
    "acr_login_server": {
      "value": "openclawacrd18c3b3c.azurecr.io",
      "type": "string"
    },
    "acr_name": {
      "value": "openclawacrd18c3b3c",
      "type": "string"
    },
    "admin_identity_client_id": {
      "value": "e5df712f-2632-4c6f-9a3c-eb07e001b6bf",
      "type": "string"
    },
    "aks_fqdn": {
      "value": "openclaw-1w7jrdhv.hcp.westus2.azmk8s.io",
      "type": "string"
    },
    "aks_name": {
      "value": "openclaw-aks",
      "type": "string"
    },
    "apim_api_id": {
      "value": "/subscriptions/55a5740e-376a-4d19-9be9-ae2be9c3731e/resourceGroups/openclaw-rg/providers/Microsoft.ApiManagement/service/openclaw-apim/apis/azure-openai;rev=1",
      "type": "string"
    },
    "apim_gateway_url": {
      "value": "https://openclaw-apim.azure-api.net",
      "type": "string"
    },
    "apim_name": {
      "value": "openclaw-apim",
      "type": "string"
    },
    "apim_private_ip": {
      "value": "",
      "type": "string"
    },
    "apim_private_url": {
      "value": "https://openclaw-apim.azure-api.net",
      "type": "string"
    },
    "keyvault_name": {
      "value": "openclaw-kv-d18c3b3c",
      "type": "string"
    },
    "resource_group": {
      "value": "openclaw-rg",
      "type": "string"
    },
    "sandbox_identity_client_id": {
      "value": "f7aa5405-a2ca-4740-937c-c080afdb15cc",
      "type": "string"
    },
    "storage_account_name": {
      "value": "openclawstd18c3b3c",
      "type": "string"
    }
  },
  "resources": [
    {
      "mode": "data",
      "type": "azurerm_client_config",
      "name": "current",
      "provider": "provider[\"registry.terraform.io/hashicorp/azurerm\"]",
      "instances": [
        {
          "schema_version": 0,
          "attributes": {
            "client_id": "04b07795-8ddb-461a-bbee-02f9e1bf7b46",
            "id": "Y2xpZW50Q29uZmlncy9jbGllbnRJZD0wNGIwNzc5NS04ZGRiLTQ2MWEtYmJlZS0wMmY5ZTFiZjdiNDY7b2JqZWN0SWQ9ZDZkZjc0ZTgtYzQzYi00NGViLWIyNWQtZTEzYzdkNWZjYmRhO3N1YnNjcmlwdGlvbklkPTU1YTU3NDBlLTM3NmEtNGQxOS05YmU5LWFlMmJlOWMzNzMxZTt0ZW5hbnRJZD0yMGQ1MGFhOC05Zjk4LTQ1YzUtYTY5OC1lNThiZTk5YzM5MGQ=",
            "object_id": "d6df74e8-c43b-44eb-b25d-e13c7d5fcbda",
            "subscription_id": "55a5740e-376a-4d19-9be9-ae2be9c3731e",
            "tenant_id": "20d50aa8-9f98-45c5-a698-e58be99c390d",
            "timeouts": null
          },
          "sensitive_attributes": [],
          "identity_schema_version": 0
        }
      ]
    },
    {
      "mode": "data",
      "type": "azurerm_resource_group",
      "name": "main",
      "provider": "provider[\"registry.terraform.io/hashicorp/azurerm\"]",
      "instances": [
        {
          "schema_version": 0,
          "attributes": {
            "id": "/subscriptions/55a5740e-376a-4d19-9be9-ae2be9c3731e/resourceGroups/openclaw-rg",
            "location": "westus2",
            "managed_by": "",
            "name": "openclaw-rg",
            "tags": {},
            "timeouts": null
          },
          "sensitive_attributes": [],
          "identity_schema_version": 0
        }
      ]
    },
    {
      "mode": "managed",
      "type": "azapi_resource",
      "name": "apim_backend_openai",
      "provider": "provider[\"registry.terraform.io/azure/azapi\"]",
      "instances": [
        {
          "index_key": 0,
          "schema_version": 2,
          "attributes": {
            "body": {
              "value": {
                "properties": {
                  "circuitBreaker": {
                    "rules": [
                      {
                        "acceptRetryAfter": true,
                        "failureCondition": {
                          "count": 3,
                          "errorReasons": [
                            "Server errors"
                          ],
                          "interval": "PT1M",
                          "statusCodeRanges": [
                            {
                              "max": 429,
                              "min": 429
                            },
                            {
                              "max": 503,
                              "min": 500
                            }
                          ]
                        },
                        "name": "OpenAIBreakerRule",
                        "tripDuration": "PT1M"
                      }
                    ]
                  },
                  "description": "Azure OpenAI backend",
                  "protocol": "http",
                  "title": null,
                  "url": "https://ai-admin5311ai774489569826.cognitiveservices.azure.com/openai"
                }
              },
              "type": [
                "object",
                {
                  "properties": [
                    "object",
                    {
                      "circuitBreaker": [
                        "object",
                        {
                          "rules": [
                            "tuple",
                            [
                              [
                                "object",
                                {
                                  "acceptRetryAfter": "bool",
                                  "failureCondition": [
                                    "object",
                                    {
                                      "count": "number",
                                      "errorReasons": [
                                        "tuple",
                                        [
                                          "string"
                                        ]
                                      ],
                                      "interval": "string",
                                      "statusCodeRanges": [
                                        "tuple",
                                        [
                                          [
                                            "object",
                                            {
                                              "max": "number",
                                              "min": "number"
                                            }
                                          ],
                                          [
                                            "object",
                                            {
                                              "max": "number",
                                              "min": "number"
                                            }
                                          ]
                                        ]
                                      ]
                                    }
                                  ],
                                  "name": "string",
                                  "tripDuration": "string"
                                }
                              ]
                            ]
                          ]
                        }
                      ],
                      "description": "string",
                      "protocol": "string",
                      "title": "dynamic",
                      "url": "string"
                    }
                  ]
                }
              ]
            },
            "create_headers": null,
            "create_query_parameters": null,
            "delete_headers": null,
            "delete_query_parameters": null,
            "id": "/subscriptions/55a5740e-376a-4d19-9be9-ae2be9c3731e/resourceGroups/openclaw-rg/providers/Microsoft.ApiManagement/service/openclaw-apim/backends/openai-backend-1",
            "identity": [],
            "ignore_casing": false,
            "ignore_missing_property": true,
            "ignore_null_property": false,
            "location": null,
            "locks": null,
            "name": "openai-backend-1",
            "output": {
              "value": {
                "id": "/subscriptions/55a5740e-376a-4d19-9be9-ae2be9c3731e/resourceGroups/openclaw-rg/providers/Microsoft.ApiManagement/service/openclaw-apim/backends/openai-backend-1",
                "properties": {
                  "circuitBreaker": {
                    "rules": [
                      {
                        "failureCondition": {
                          "errorReasons": [
                            "Server errors"
                          ],
                          "statusCodeRanges": [
                            {},
                            {}
                          ]
                        }
                      }
                    ]
                  }
                },
                "type": "Microsoft.ApiManagement/service/backends"
              },
              "type": [
                "object",
                {
                  "id": "string",
                  "properties": [
                    "object",
                    {
                      "circuitBreaker": [
                        "object",
                        {
                          "rules": [
                            "tuple",
                            [
                              [
                                "object",
                                {
                                  "failureCondition": [
                                    "object",
                                    {
                                      "errorReasons": [
                                        "tuple",
                                        [
                                          "string"
                                        ]
                                      ],
                                      "statusCodeRanges": [
                                        "tuple",
                                        [
                                          [
                                            "object",
                                            {}
                                          ],
                                          [
                                            "object",
                                            {}
                                          ]
                                        ]
                                      ]
                                    }
                                  ]
                                }
                              ]
                            ]
                          ]
                        }
                      ]
                    }
                  ],
                  "type": "string"
                }
              ]
            },
            "parent_id": "/subscriptions/55a5740e-376a-4d19-9be9-ae2be9c3731e/resourceGroups/openclaw-rg/providers/Microsoft.ApiManagement/service/openclaw-apim",
            "read_headers": null,
            "read_query_parameters": null,
            "replace_triggers_external_values": null,
            "replace_triggers_refs": null,
            "response_export_values": null,
            "retry": null,
            "schema_validation_enabled": true,
            "sensitive_body": null,
            "sensitive_body_version": null,
            "tags": null,
            "timeouts": null,
            "type": "Microsoft.ApiManagement/service/backends@2025-03-01-preview",
            "update_headers": null,
            "update_query_parameters": null
          },
          "sensitive_attributes": [],
          "identity_schema_version": 0,
          "identity": {
            "id": "/subscriptions/55a5740e-376a-4d19-9be9-ae2be9c3731e/resourceGroups/openclaw-rg/providers/Microsoft.ApiManagement/service/openclaw-apim/backends/openai-backend-1",
            "type": "Microsoft.ApiManagement/service/backends@2025-03-01-preview"
          },
          "dependencies": [
            "azurerm_api_management.openclaw",
            "azurerm_cognitive_account.ai_foundry",
            "data.azurerm_resource_group.main",
            "random_id.suffix"
          ]
        }
      ]
    },
    {
      "mode": "managed",
      "type": "azapi_resource",
      "name": "apim_backend_pool",
      "provider": "provider[\"registry.terraform.io/azure/azapi\"]",
      "instances": [
        {
          "index_key": 0,
          "schema_version": 2,
          "attributes": {
            "body": {
              "value": {
                "properties": {
                  "description": "Backend pool for Azure OpenAI endpoints",
                  "pool": {
                    "services": [
                      {
                        "id": "/subscriptions/55a5740e-376a-4d19-9be9-ae2be9c3731e/resourceGroups/openclaw-rg/providers/Microsoft.ApiManagement/service/openclaw-apim/backends/openai-backend-1",
                        "priority": 1,
                        "weight": 1
                      }
                    ]
                  },
                  "protocol": null,
                  "title": null,
                  "type": "Pool",
                  "url": null
                }
              },
              "type": [
                "object",
                {
                  "properties": [
                    "object",
                    {
                      "description": "string",
                      "pool": [
                        "object",
                        {
                          "services": [
                            "tuple",
                            [
                              [
                                "object",
                                {
                                  "id": "string",
                                  "priority": "number",
                                  "weight": "number"
                                }
                              ]
                            ]
                          ]
                        }
                      ],
                      "protocol": "dynamic",
                      "title": "dynamic",
                      "type": "string",
                      "url": "dynamic"
                    }
                  ]
                }
              ]
            },
            "create_headers": null,
            "create_query_parameters": null,
            "delete_headers": null,
            "delete_query_parameters": null,
            "id": "/subscriptions/55a5740e-376a-4d19-9be9-ae2be9c3731e/resourceGroups/openclaw-rg/providers/Microsoft.ApiManagement/service/openclaw-apim/backends/openai-backend-pool",
            "identity": [],
            "ignore_casing": false,
            "ignore_missing_property": true,
            "ignore_null_property": false,
            "location": null,
            "locks": null,
            "name": "openai-backend-pool",
            "output": {
              "value": {
                "id": "/subscriptions/55a5740e-376a-4d19-9be9-ae2be9c3731e/resourceGroups/openclaw-rg/providers/Microsoft.ApiManagement/service/openclaw-apim/backends/openai-backend-pool",
                "properties": {
                  "pool": {
                    "services": [
                      {}
                    ]
                  }
                },
                "type": "Microsoft.ApiManagement/service/backends"
              },
              "type": [
                "object",
                {
                  "id": "string",
                  "properties": [
                    "object",
                    {
                      "pool": [
                        "object",
                        {
                          "services": [
                            "tuple",
                            [
                              [
                                "object",
                                {}
                              ]
                            ]
                          ]
                        }
                      ]
                    }
                  ],
                  "type": "string"
                }
              ]
            },
            "parent_id": "/subscriptions/55a5740e-376a-4d19-9be9-ae2be9c3731e/resourceGroups/openclaw-rg/providers/Microsoft.ApiManagement/service/openclaw-apim",
            "read_headers": null,
            "read_query_parameters": null,
            "replace_triggers_external_values": null,
            "replace_triggers_refs": null,
            "response_export_values": null,
            "retry": null,
            "schema_validation_enabled": true,
            "sensitive_body": null,
            "sensitive_body_version": null,
            "tags": null,
            "timeouts": null,
            "type": "Microsoft.ApiManagement/service/backends@2025-03-01-preview",
            "update_headers": null,
            "update_query_parameters": null
          },
          "sensitive_attributes": [],
          "identity_schema_version": 0,
          "identity": {
            "id": "/subscriptions/55a5740e-376a-4d19-9be9-ae2be9c3731e/resourceGroups/openclaw-rg/providers/Microsoft.ApiManagement/service/openclaw-apim/backends/openai-backend-pool",
            "type": "Microsoft.ApiManagement/service/backends@2025-03-01-preview"
          },
          "dependencies": [
            "azapi_resource.apim_backend_openai",
            "azurerm_api_management.openclaw",
            "azurerm_cognitive_account.ai_foundry",
            "data.azurerm_resource_group.main",
            "random_id.suffix"
          ]
        }
      ]
    },
    {
      "mode": "managed",
      "type": "azurerm_api_management",
      "name": "openclaw",
      "provider": "provider[\"registry.terraform.io/hashicorp/azurerm\"]",
      "instances": [
        {
          "index_key": 0,
          "schema_version": 0,
          "attributes": {
            "additional_location": [],
            "certificate": [],
            "client_certificate_enabled": false,
            "delegation": [],
            "developer_portal_url": "",
            "gateway_disabled": false,
            "gateway_regional_url": "",
            "gateway_url": "https://openclaw-apim.azure-api.net",
            "hostname_configuration": [
              {
                "developer_portal": [],
                "management": [],
                "portal": [],
                "proxy": [
                  {
                    "certificate": "",
                    "certificate_password": "",
                    "certificate_source": "BuiltIn",
                    "certificate_status": "",
                    "default_ssl_binding": true,
                    "expiry": "",
                    "host_name": "openclaw-apim.azure-api.net",
                    "key_vault_certificate_id": "",
                    "key_vault_id": "",
                    "negotiate_client_certificate": false,
                    "ssl_keyvault_identity_client_id": "",
                    "subject": "",
                    "thumbprint": ""
                  }
                ],
                "scm": []
              }
            ],
            "id": "/subscriptions/55a5740e-376a-4d19-9be9-ae2be9c3731e/resourceGroups/openclaw-rg/providers/Microsoft.ApiManagement/service/openclaw-apim",
            "identity": [
              {
                "identity_ids": [],
                "principal_id": "358f6395-4028-4dbf-882b-0d1ac007c2e9",
                "tenant_id": "20d50aa8-9f98-45c5-a698-e58be99c390d",
                "type": "SystemAssigned"
              }
            ],
            "location": "westus2",
            "management_api_url": "https://smapi.api-mwh-prod-scaleunit-001.p.azurewebsites.net/",
            "min_api_version": "",
            "name": "openclaw-apim",
            "notification_sender_email": "apimgmt-noreply@mail.windowsazure.com",
            "portal_url": "",
            "private_ip_addresses": [],
            "protocols": [
              {
                "enable_http2": false,
                "http2_enabled": false
              }
            ],
            "public_ip_address_id": "",
            "public_ip_addresses": [],
            "public_network_access_enabled": true,
            "publisher_email": "admin@MngEnv647263.onmicrosoft.com",
            "publisher_name": "OpenClaw",
            "resource_group_name": "openclaw-rg",
            "scm_url": "",
            "security": [
              {
                "backend_ssl30_enabled": false,
                "backend_tls10_enabled": false,
                "backend_tls11_enabled": false,
                "enable_backend_ssl30": false,
                "enable_backend_tls10": false,
                "enable_backend_tls11": false,
                "enable_frontend_ssl30": false,
                "enable_frontend_tls10": false,
                "enable_frontend_tls11": false,
                "frontend_ssl30_enabled": false,
                "frontend_tls10_enabled": false,
                "frontend_tls11_enabled": false,
                "tls_ecdhe_ecdsa_with_aes128_cbc_sha_ciphers_enabled": false,
                "tls_ecdhe_ecdsa_with_aes256_cbc_sha_ciphers_enabled": false,
                "tls_ecdhe_rsa_with_aes128_cbc_sha_ciphers_enabled": false,
                "tls_ecdhe_rsa_with_aes256_cbc_sha_ciphers_enabled": false,
                "tls_rsa_with_aes128_cbc_sha256_ciphers_enabled": false,
                "tls_rsa_with_aes128_cbc_sha_ciphers_enabled": false,
                "tls_rsa_with_aes128_gcm_sha256_ciphers_enabled": false,
                "tls_rsa_with_aes256_cbc_sha256_ciphers_enabled": false,
                "tls_rsa_with_aes256_cbc_sha_ciphers_enabled": false,
                "tls_rsa_with_aes256_gcm_sha384_ciphers_enabled": false,
                "triple_des_ciphers_enabled": false
              }
            ],
            "sign_in": [],
            "sign_up": [],
            "sku_name": "StandardV2_1",
            "tags": {},
            "tenant_access": [],
            "timeouts": null,
            "virtual_network_configuration": [],
            "virtual_network_type": "None",
            "zones": []
          },
          "sensitive_attributes": [
            [
              {
                "type": "get_attr",
                "value": "hostname_configuration"
              },
              {
                "type": "index",
                "value": {
                  "value": 0,
                  "type": "number"
                }
              },
              {
                "type": "get_attr",
                "value": "proxy"
              },
              {
                "type": "index",
                "value": {
                  "value": 0,
                  "type": "number"
                }
              },
              {
                "type": "get_attr",
                "value": "certificate"
              }
            ],
            [
              {
                "type": "get_attr",
                "value": "hostname_configuration"
              },
              {
                "type": "index",
                "value": {
                  "value": 0,
                  "type": "number"
                }
              },
              {
                "type": "get_attr",
                "value": "proxy"
              },
              {
                "type": "index",
                "value": {
                  "value": 0,
                  "type": "number"
                }
              },
              {
                "type": "get_attr",
                "value": "certificate_password"
              }
            ]
          ],
          "identity_schema_version": 0,
          "private": "eyJlMmJmYjczMC1lY2FhLTExZTYtOGY4OC0zNDM2M2JjN2M0YzAiOnsiY3JlYXRlIjoxMDgwMDAwMDAwMDAwMCwiZGVsZXRlIjoxMDgwMDAwMDAwMDAwMCwicmVhZCI6MzAwMDAwMDAwMDAwLCJ1cGRhdGUiOjEwODAwMDAwMDAwMDAwfX0=",
          "dependencies": [
            "data.azurerm_resource_group.main"
          ]
        }
      ]
    },
    {
      "mode": "managed",
      "type": "azurerm_api_management_api",
      "name": "openai",
      "provider": "provider[\"registry.terraform.io/hashicorp/azurerm\"]",
      "instances": [
        {
          "index_key": 0,
          "schema_version": 1,
          "attributes": {
            "api_management_name": "openclaw-apim",
            "api_type": "http",
            "contact": [],
            "description": "",
            "display_name": "Azure OpenAI",
            "id": "/subscriptions/55a5740e-376a-4d19-9be9-ae2be9c3731e/resourceGroups/openclaw-rg/providers/Microsoft.ApiManagement/service/openclaw-apim/apis/azure-openai;rev=1",
            "import": [],
            "is_current": true,
            "is_online": false,
            "license": [],
            "name": "azure-openai",
            "oauth2_authorization": [],
            "openid_authentication": [],
            "path": "openai",
            "protocols": [
              "https"
            ],
            "resource_group_name": "openclaw-rg",
            "revision": "1",
            "revision_description": "",
            "service_url": "",
            "source_api_id": null,
            "subscription_key_parameter_names": [
              {
                "header": "Ocp-Apim-Subscription-Key",
                "query": "subscription-key"
              }
            ],
            "subscription_required": true,
            "terms_of_service_url": "",
            "timeouts": null,
            "version": "",
            "version_description": "",
            "version_set_id": ""
          },
          "sensitive_attributes": [],
          "identity_schema_version": 0,
          "private": "eyJlMmJmYjczMC1lY2FhLTExZTYtOGY4OC0zNDM2M2JjN2M0YzAiOnsiY3JlYXRlIjoxODAwMDAwMDAwMDAwLCJkZWxldGUiOjE4MDAwMDAwMDAwMDAsInJlYWQiOjMwMDAwMDAwMDAwMCwidXBkYXRlIjoxODAwMDAwMDAwMDAwfSwic2NoZW1hX3ZlcnNpb24iOiIxIn0=",
          "dependencies": [
            "azurerm_api_management.openclaw",
            "data.azurerm_resource_group.main"
          ]
        }
      ]
    },
    {
      "mode": "managed",
      "type": "azurerm_api_management_api_operation",
      "name": "openai_post",
      "provider": "provider[\"registry.terraform.io/hashicorp/azurerm\"]",
      "instances": [
        {
          "index_key": 0,
          "schema_version": 0,
          "attributes": {
            "api_management_name": "openclaw-apim",
            "api_name": "azure-openai",
            "description": "",
            "display_name": "POST Wildcard",
            "id": "/subscriptions/55a5740e-376a-4d19-9be9-ae2be9c3731e/resourceGroups/openclaw-rg/providers/Microsoft.ApiManagement/service/openclaw-apim/apis/azure-openai/operations/post-wildcard",
            "method": "POST",
            "operation_id": "post-wildcard",
            "request": [
              {
                "description": "",
                "header": [],
                "query_parameter": [],
                "representation": []
              }
            ],
            "resource_group_name": "openclaw-rg",
            "response": [],
            "template_parameter": [],
            "timeouts": null,
            "url_template": "/*"
          },
          "sensitive_attributes": [],
          "identity_schema_version": 0,
          "private": "eyJlMmJmYjczMC1lY2FhLTExZTYtOGY4OC0zNDM2M2JjN2M0YzAiOnsiY3JlYXRlIjoxODAwMDAwMDAwMDAwLCJkZWxldGUiOjE4MDAwMDAwMDAwMDAsInJlYWQiOjMwMDAwMDAwMDAwMCwidXBkYXRlIjoxODAwMDAwMDAwMDAwfX0=",
          "dependencies": [
            "azurerm_api_management.openclaw",
            "azurerm_api_management_api.openai",
            "data.azurerm_resource_group.main"
          ]
        }
      ]
    },
    {
      "mode": "managed",
      "type": "azurerm_api_management_api_policy",
      "name": "openai",
      "provider": "provider[\"registry.terraform.io/hashicorp/azurerm\"]",
      "instances": [
        {
          "index_key": 0,
          "schema_version": 2,
          "attributes": {
            "api_management_name": "openclaw-apim",
            "api_name": "azure-openai",
            "id": "/subscriptions/55a5740e-376a-4d19-9be9-ae2be9c3731e/resourceGroups/openclaw-rg/providers/Microsoft.ApiManagement/service/openclaw-apim/apis/azure-openai",
            "resource_group_name": "openclaw-rg",
            "timeouts": null,
            "xml_content": "\u003c!-- APIM AI Gateway Policy (rendered by Terraform templatefile) --\u003e\r\n\u003c!-- Auth mode: api_key --\u003e\r\n\u003cpolicies\u003e\r\n\t\u003cinbound\u003e\r\n\t\t\u003cbase /\u003e\r\n\t\t\u003c!-- API Key mode: inject key from Named Value (backed by Key Vault) --\u003e\r\n\t\t\u003cset-header name=\"api-key\" exists-action=\"override\"\u003e\r\n\t\t\t\u003cvalue\u003e{{azure-openai-key}}\u003c/value\u003e\r\n\t\t\u003c/set-header\u003e\r\n\t\t\u003c!-- Remove any Authorization header from the client — Azure OpenAI may\r\n         reject an invalid Bearer token even when a valid api-key is present --\u003e\r\n\t\t\u003cset-header name=\"Authorization\" exists-action=\"delete\" /\u003e\r\n\t\t\u003c!-- Rate limiting: 60 calls/min per subscription (standard policy).\r\n         NOTE: LLM token-based policies (llm-token-limit, llm-emit-token-metric)\r\n         require API to be imported via the \"Language Model API\" portal flow.\r\n         For now, use standard rate limiting. Migrate to LLM policies when\r\n         re-importing the API via portal. --\u003e\r\n\t\t\u003crate-limit-by-key calls=\"60\" renewal-period=\"60\" counter-key=\"@(context.Subscription.Id)\" remaining-calls-variable-name=\"remainingCalls\" /\u003e\r\n\t\t\u003c!-- Ensure api-version is always a query parameter (Azure OpenAI requires it).\r\n         SDKs may send it as a header only, which causes 404. --\u003e\r\n\t\t\u003cset-query-parameter name=\"api-version\" exists-action=\"skip\"\u003e\r\n\t\t\t\u003cvalue\u003e2025-04-01-preview\u003c/value\u003e\r\n\t\t\u003c/set-query-parameter\u003e\r\n\t\t\u003c!-- Backend routing via pool (circuit breaker on individual backends) --\u003e\r\n\t\t\u003cset-backend-service backend-id=\"openai-backend-pool\" /\u003e\r\n\t\t\u003c!-- Azure OpenAI Responses API only supports /openai/responses (model in body),\r\n         NOT /openai/deployments/{model}/responses. Rewrite when SDK uses the\r\n         deployment-in-URL pattern. chat/completions and other paths pass through. --\u003e\r\n\t\t\u003cchoose\u003e\r\n\t\t\t\u003cwhen condition=\"@(context.Request.Url.Path.Contains(\u0026quot;/responses\u0026quot;))\"\u003e\r\n\t\t\t\t\u003crewrite-uri template=\"/responses\" copy-unmatched-params=\"true\" /\u003e\r\n\t\t\t\u003c/when\u003e\r\n\t\t\u003c/choose\u003e\r\n\t\u003c/inbound\u003e\r\n\t\u003cbackend\u003e\r\n\t\t\u003cbase /\u003e\r\n\t\u003c/backend\u003e\r\n\t\u003coutbound\u003e\r\n\t\t\u003cbase /\u003e\r\n\t\u003c/outbound\u003e\r\n\t\u003con-error\u003e\r\n\t\t\u003cbase /\u003e\r\n\t\u003c/on-error\u003e\r\n\u003c/policies\u003e",
            "xml_link": null
          },
          "sensitive_attributes": [],
          "identity_schema_version": 0,
          "private": "eyJlMmJmYjczMC1lY2FhLTExZTYtOGY4OC0zNDM2M2JjN2M0YzAiOnsiY3JlYXRlIjoxODAwMDAwMDAwMDAwLCJkZWxldGUiOjE4MDAwMDAwMDAwMDAsInJlYWQiOjMwMDAwMDAwMDAwMCwidXBkYXRlIjoxODAwMDAwMDAwMDAwfSwic2NoZW1hX3ZlcnNpb24iOiIyIn0=",
          "dependencies": [
            "azurerm_api_management.openclaw",
            "azurerm_api_management_api.openai",
            "data.azurerm_resource_group.main"
          ]
        }
      ]
    },
    {
      "mode": "managed",
      "type": "azurerm_api_management_logger",
      "name": "insights",
      "provider": "provider[\"registry.terraform.io/hashicorp/azurerm\"]",
      "instances": [
        {
          "index_key": 0,
          "schema_version": 0,
          "attributes": {
            "api_management_name": "openclaw-apim",
            "application_insights": [
              {
                "connection_string": "",
                "instrumentation_key": "2bb17fec-eb40-4375-a7fd-653e54b23161"
              }
            ],
            "buffered": true,
            "description": "",
            "eventhub": [],
            "id": "/subscriptions/55a5740e-376a-4d19-9be9-ae2be9c3731e/resourceGroups/openclaw-rg/providers/Microsoft.ApiManagement/service/openclaw-apim/loggers/app-insights-logger",
            "name": "app-insights-logger",
            "resource_group_name": "openclaw-rg",
            "resource_id": "",
            "timeouts": null
          },
          "sensitive_attributes": [
            [
              {
                "type": "get_attr",
                "value": "application_insights"
              },
              {
                "type": "index",
                "value": {
                  "value": 0,
                  "type": "number"
                }
              },
              {
                "type": "get_attr",
                "value": "connection_string"
              }
            ],
            [
              {
                "type": "get_attr",
                "value": "application_insights"
              },
              {
                "type": "index",
                "value": {
                  "value": 0,
                  "type": "number"
                }
              },
              {
                "type": "get_attr",
                "value": "instrumentation_key"
              }
            ]
          ],
          "identity_schema_version": 0,
          "private": "eyJlMmJmYjczMC1lY2FhLTExZTYtOGY4OC0zNDM2M2JjN2M0YzAiOnsiY3JlYXRlIjoxODAwMDAwMDAwMDAwLCJkZWxldGUiOjE4MDAwMDAwMDAwMDAsInJlYWQiOjMwMDAwMDAwMDAwMCwidXBkYXRlIjoxODAwMDAwMDAwMDAwfX0=",
          "dependencies": [
            "azurerm_api_management.openclaw",
            "azurerm_application_insights.openclaw",
            "azurerm_log_analytics_workspace.openclaw",
            "data.azurerm_resource_group.main"
          ]
        }
      ]
    },
    {
      "mode": "managed",
      "type": "azurerm_api_management_named_value",
      "name": "aoai_key",
      "provider": "provider[\"registry.terraform.io/hashicorp/azurerm\"]",
      "instances": [
        {
          "index_key": 0,
          "schema_version": 0,
          "attributes": {
            "api_management_name": "openclaw-apim",
            "display_name": "azure-openai-key",
            "id": "/subscriptions/55a5740e-376a-4d19-9be9-ae2be9c3731e/resourceGroups/openclaw-rg/providers/Microsoft.ApiManagement/service/openclaw-apim/namedValues/azure-openai-key",
            "name": "azure-openai-key",
            "resource_group_name": "openclaw-rg",
            "secret": true,
            "tags": [],
            "timeouts": null,
            "value": null,
            "value_from_key_vault": [
              {
                "identity_client_id": "",
                "secret_id": "https://openclaw-kv-d18c3b3c.vault.azure.net/secrets/azure-openai-key"
              }
            ]
          },
          "sensitive_attributes": [
            [
              {
                "type": "get_attr",
                "value": "value"
              }
            ]
          ],
          "identity_schema_version": 0,
          "private": "eyJlMmJmYjczMC1lY2FhLTExZTYtOGY4OC0zNDM2M2JjN2M0YzAiOnsiY3JlYXRlIjoxODAwMDAwMDAwMDAwLCJkZWxldGUiOjE4MDAwMDAwMDAwMDAsInJlYWQiOjMwMDAwMDAwMDAwMCwidXBkYXRlIjoxODAwMDAwMDAwMDAwfX0=",
          "dependencies": [
            "azurerm_api_management.openclaw",
            "azurerm_key_vault.openclaw",
            "data.azurerm_client_config.current",
            "data.azurerm_resource_group.main",
            "random_id.suffix"
          ]
        }
      ]
    },
    {
      "mode": "managed",
      "type": "azurerm_application_insights",
      "name": "openclaw",
      "provider": "provider[\"registry.terraform.io/hashicorp/azurerm\"]",
      "instances": [
        {
          "schema_version": 2,
          "attributes": {
            "app_id": "12503688-92cf-40b7-a8b1-14e3b5de99ed",
            "application_type": "web",
            "connection_string": "InstrumentationKey=2bb17fec-eb40-4375-a7fd-653e54b23161;IngestionEndpoint=https://westus2-2.in.applicationinsights.azure.com/;LiveEndpoint=https://westus2.livediagnostics.monitor.azure.com/;ApplicationId=12503688-92cf-40b7-a8b1-14e3b5de99ed",
            "daily_data_cap_in_gb": 100,
            "daily_data_cap_notifications_disabled": false,
            "disable_ip_masking": false,
            "force_customer_storage_for_profiler": false,
            "id": "/subscriptions/55a5740e-376a-4d19-9be9-ae2be9c3731e/resourceGroups/openclaw-rg/providers/Microsoft.Insights/components/openclaw-insights",
            "instrumentation_key": "2bb17fec-eb40-4375-a7fd-653e54b23161",
            "internet_ingestion_enabled": true,
            "internet_query_enabled": true,
            "local_authentication_disabled": false,
            "location": "westus2",
            "name": "openclaw-insights",
            "resource_group_name": "openclaw-rg",
            "retention_in_days": 90,
            "sampling_percentage": 100,
            "tags": {},
            "timeouts": null,
            "workspace_id": "/subscriptions/55a5740e-376a-4d19-9be9-ae2be9c3731e/resourceGroups/openclaw-rg/providers/Microsoft.OperationalInsights/workspaces/openclaw-logs"
          },
          "sensitive_attributes": [
            [
              {
                "type": "get_attr",
                "value": "connection_string"
              }
            ],
            [
              {
                "type": "get_attr",
                "value": "instrumentation_key"
              }
            ]
          ],
          "identity_schema_version": 0,
          "identity": {
            "name": "openclaw-insights",
            "resource_group_name": "openclaw-rg",
            "subscription_id": "55a5740e-376a-4d19-9be9-ae2be9c3731e"
          },
          "private": "eyJlMmJmYjczMC1lY2FhLTExZTYtOGY4OC0zNDM2M2JjN2M0YzAiOnsiY3JlYXRlIjozNjAwMDAwMDAwMDAwLCJkZWxldGUiOjE4MDAwMDAwMDAwMDAsInJlYWQiOjMwMDAwMDAwMDAwMCwidXBkYXRlIjoxODAwMDAwMDAwMDAwfSwic2NoZW1hX3ZlcnNpb24iOiIyIn0=",
          "dependencies": [
            "azurerm_log_analytics_workspace.openclaw",
            "data.azurerm_resource_group.main"
          ]
        }
      ]
    },
    {
      "mode": "managed",
      "type": "azurerm_cognitive_account",
      "name": "ai_foundry",
      "provider": "provider[\"registry.terraform.io/hashicorp/azurerm\"]",
      "instances": []
    },
    {
      "mode": "managed",
      "type": "azurerm_cognitive_deployment",
      "name": "gpt5",
      "provider": "provider[\"registry.terraform.io/hashicorp/azurerm\"]",
      "instances": []
    },
    {
      "mode": "managed",
      "type": "azurerm_container_registry",
      "name": "openclaw",
      "provider": "provider[\"registry.terraform.io/hashicorp/azurerm\"]",
      "instances": [
        {
          "schema_version": 2,
          "attributes": {
            "admin_enabled": false,
            "admin_password": "",
            "admin_username": "",
            "anonymous_pull_enabled": false,
            "data_endpoint_enabled": false,
            "data_endpoint_host_names": [],
            "encryption": [],
            "export_policy_enabled": true,
            "georeplications": [],
            "id": "/subscriptions/55a5740e-376a-4d19-9be9-ae2be9c3731e/resourceGroups/openclaw-rg/providers/Microsoft.ContainerRegistry/registries/openclawacrd18c3b3c",
            "identity": [],
            "location": "westus2",
            "login_server": "openclawacrd18c3b3c.azurecr.io",
            "name": "openclawacrd18c3b3c",
            "network_rule_bypass_option": "AzureServices",
            "network_rule_set": [],
            "public_network_access_enabled": true,
            "quarantine_policy_enabled": false,
            "resource_group_name": "openclaw-rg",
            "retention_policy_in_days": 0,
            "sku": "Basic",
            "tags": {},
            "timeouts": null,
            "trust_policy_enabled": false,
            "zone_redundancy_enabled": false
          },
          "sensitive_attributes": [
            [
              {
                "type": "get_attr",
                "value": "admin_password"
              }
            ]
          ],
          "identity_schema_version": 0,
          "private": "eyJlMmJmYjczMC1lY2FhLTExZTYtOGY4OC0zNDM2M2JjN2M0YzAiOnsiY3JlYXRlIjoxODAwMDAwMDAwMDAwLCJkZWxldGUiOjE4MDAwMDAwMDAwMDAsInJlYWQiOjMwMDAwMDAwMDAwMCwidXBkYXRlIjoxODAwMDAwMDAwMDAwfSwic2NoZW1hX3ZlcnNpb24iOiIyIn0=",
          "dependencies": [
            "data.azurerm_resource_group.main",
            "random_id.suffix"
          ]
        }
      ]
    },
    {
      "mode": "managed",
      "type": "azurerm_federated_identity_credential",
      "name": "admin",
      "provider": "provider[\"registry.terraform.io/hashicorp/azurerm\"]",
      "instances": [
        {
          "schema_version": 0,
          "attributes": {
            "audience": [
              "api://AzureADTokenExchange"
            ],
            "id": "/subscriptions/55a5740e-376a-4d19-9be9-ae2be9c3731e/resourceGroups/openclaw-rg/providers/Microsoft.ManagedIdentity/userAssignedIdentities/openclaw-admin-identity/federatedIdentityCredentials/openclaw-admin-fedcred",
            "issuer": "https://westus2.oic.prod-aks.azure.com/20d50aa8-9f98-45c5-a698-e58be99c390d/0255b49c-4dbd-4545-aca6-b069ce296111/",
            "name": "openclaw-admin-fedcred",
            "parent_id": "/subscriptions/55a5740e-376a-4d19-9be9-ae2be9c3731e/resourceGroups/openclaw-rg/providers/Microsoft.ManagedIdentity/userAssignedIdentities/openclaw-admin-identity",
            "resource_group_name": "openclaw-rg",
            "subject": "system:serviceaccount:openclaw:openclaw-admin",
            "timeouts": null
          },
          "sensitive_attributes": [],
          "identity_schema_version": 0,
          "private": "eyJlMmJmYjczMC1lY2FhLTExZTYtOGY4OC0zNDM2M2JjN2M0YzAiOnsiY3JlYXRlIjoxODAwMDAwMDAwMDAwLCJkZWxldGUiOjE4MDAwMDAwMDAwMDAsInJlYWQiOjMwMDAwMDAwMDAwMCwidXBkYXRlIjoxODAwMDAwMDAwMDAwfX0=",
          "dependencies": [
            "azurerm_kubernetes_cluster.openclaw",
            "azurerm_log_analytics_workspace.openclaw",
            "azurerm_subnet.aks",
            "azurerm_user_assigned_identity.admin",
            "azurerm_virtual_network.main",
            "data.azurerm_resource_group.main"
          ]
        }
      ]
    },
    {
      "mode": "managed",
      "type": "azurerm_federated_identity_credential",
      "name": "sandbox",
      "provider": "provider[\"registry.terraform.io/hashicorp/azurerm\"]",
      "instances": [
        {
          "schema_version": 0,
          "attributes": {
            "audience": [
              "api://AzureADTokenExchange"
            ],
            "id": "/subscriptions/55a5740e-376a-4d19-9be9-ae2be9c3731e/resourceGroups/openclaw-rg/providers/Microsoft.ManagedIdentity/userAssignedIdentities/openclaw-sandbox-identity/federatedIdentityCredentials/openclaw-sandbox-fedcred",
            "issuer": "https://westus2.oic.prod-aks.azure.com/20d50aa8-9f98-45c5-a698-e58be99c390d/0255b49c-4dbd-4545-aca6-b069ce296111/",
            "name": "openclaw-sandbox-fedcred",
            "parent_id": "/subscriptions/55a5740e-376a-4d19-9be9-ae2be9c3731e/resourceGroups/openclaw-rg/providers/Microsoft.ManagedIdentity/userAssignedIdentities/openclaw-sandbox-identity",
            "resource_group_name": "openclaw-rg",
            "subject": "system:serviceaccount:openclaw:openclaw-sandbox",
            "timeouts": null
          },
          "sensitive_attributes": [],
          "identity_schema_version": 0,
          "private": "eyJlMmJmYjczMC1lY2FhLTExZTYtOGY4OC0zNDM2M2JjN2M0YzAiOnsiY3JlYXRlIjoxODAwMDAwMDAwMDAwLCJkZWxldGUiOjE4MDAwMDAwMDAwMDAsInJlYWQiOjMwMDAwMDAwMDAwMCwidXBkYXRlIjoxODAwMDAwMDAwMDAwfX0=",
          "dependencies": [
            "azurerm_kubernetes_cluster.openclaw",
            "azurerm_log_analytics_workspace.openclaw",
            "azurerm_subnet.aks",
            "azurerm_user_assigned_identity.sandbox",
            "azurerm_virtual_network.main",
            "data.azurerm_resource_group.main"
          ]
        }
      ]
    },
    {
      "mode": "managed",
      "type": "azurerm_key_vault",
      "name": "openclaw",
      "provider": "provider[\"registry.terraform.io/hashicorp/azurerm\"]",
      "instances": [
        {
          "schema_version": 2,
          "attributes": {
            "access_policy": [],
            "contact": [],
            "enable_rbac_authorization": true,
            "enabled_for_deployment": false,
            "enabled_for_disk_encryption": false,
            "enabled_for_template_deployment": false,
            "id": "/subscriptions/55a5740e-376a-4d19-9be9-ae2be9c3731e/resourceGroups/openclaw-rg/providers/Microsoft.KeyVault/vaults/openclaw-kv-d18c3b3c",
            "location": "westus2",
            "name": "openclaw-kv-d18c3b3c",
            "network_acls": [
              {
                "bypass": "AzureServices",
                "default_action": "Allow",
                "ip_rules": [],
                "virtual_network_subnet_ids": []
              }
            ],
            "public_network_access_enabled": true,
            "purge_protection_enabled": false,
            "rbac_authorization_enabled": true,
            "resource_group_name": "openclaw-rg",
            "sku_name": "standard",
            "soft_delete_retention_days": 90,
            "tags": {},
            "tenant_id": "20d50aa8-9f98-45c5-a698-e58be99c390d",
            "timeouts": null,
            "vault_uri": "https://openclaw-kv-d18c3b3c.vault.azure.net/"
          },
          "sensitive_attributes": [],
          "identity_schema_version": 0,
          "private": "eyJlMmJmYjczMC1lY2FhLTExZTYtOGY4OC0zNDM2M2JjN2M0YzAiOnsiY3JlYXRlIjoxODAwMDAwMDAwMDAwLCJkZWxldGUiOjE4MDAwMDAwMDAwMDAsInJlYWQiOjMwMDAwMDAwMDAwMCwidXBkYXRlIjoxODAwMDAwMDAwMDAwfSwic2NoZW1hX3ZlcnNpb24iOiIyIn0=",
          "dependencies": [
            "data.azurerm_client_config.current",
            "data.azurerm_resource_group.main",
            "random_id.suffix"
          ]
        }
      ]
    },
    {
      "mode": "managed",
      "type": "azurerm_kubernetes_cluster",
      "name": "openclaw",
      "provider": "provider[\"registry.terraform.io/hashicorp/azurerm\"]",
      "instances": [
        {
          "schema_version": 2,
          "attributes": {
            "aci_connector_linux": [],
            "ai_toolchain_operator_enabled": false,
            "api_server_access_profile": [],
            "auto_scaler_profile": [],
            "automatic_upgrade_channel": "",
            "azure_active_directory_role_based_access_control": [],
            "azure_policy_enabled": false,
            "bootstrap_profile": [
              {
                "artifact_source": "Direct",
                "container_registry_id": ""
              }
            ],
            "confidential_computing": [],
            "cost_analysis_enabled": false,
            "current_kubernetes_version": "1.32.11",
            "custom_ca_trust_certificates_base64": [],
            "default_node_pool": [
              {
                "auto_scaling_enabled": false,
                "capacity_reservation_group_id": "",
                "fips_enabled": false,
                "gpu_driver": "",
                "gpu_instance": "",
                "host_encryption_enabled": false,
                "host_group_id": "",
                "kubelet_config": [],
                "kubelet_disk_type": "OS",
                "linux_os_config": [],
                "max_count": 0,
                "max_pods": 30,
                "min_count": 0,
                "name": "system",
                "node_count": 1,
                "node_labels": {},
                "node_network_profile": [],
                "node_public_ip_enabled": false,
                "node_public_ip_prefix_id": "",
                "only_critical_addons_enabled": false,
                "orchestrator_version": "1.32",
                "os_disk_size_gb": 128,
                "os_disk_type": "Managed",
                "os_sku": "AzureLinux",
                "pod_subnet_id": "",
                "proximity_placement_group_id": "",
                "scale_down_mode": "Delete",
                "snapshot_id": "",
                "tags": {},
                "temporary_name_for_rotation": "systemtmp",
                "type": "VirtualMachineScaleSets",
                "ultra_ssd_enabled": false,
                "upgrade_settings": [
                  {
                    "drain_timeout_in_minutes": 0,
                    "max_surge": "10%",
                    "node_soak_duration_in_minutes": 0,
                    "undrainable_node_behavior": ""
                  }
                ],
                "vm_size": "Standard_D2s_v3",
                "vnet_subnet_id": "/subscriptions/55a5740e-376a-4d19-9be9-ae2be9c3731e/resourceGroups/openclaw-rg/providers/Microsoft.Network/virtualNetworks/openclaw-vnet/subnets/aks-subnet",
                "workload_runtime": "",
                "zones": []
              }
            ],
            "disk_encryption_set_id": "",
            "dns_prefix": "openclaw",
            "dns_prefix_private_cluster": "",
            "edge_zone": "",
            "fqdn": "openclaw-1w7jrdhv.hcp.westus2.azmk8s.io",
            "http_application_routing_enabled": false,
            "http_application_routing_zone_name": "",
            "http_proxy_config": [],
            "id": "/subscriptions/55a5740e-376a-4d19-9be9-ae2be9c3731e/resourceGroups/openclaw-rg/providers/Microsoft.ContainerService/managedClusters/openclaw-aks",
            "identity": [
              {
                "identity_ids": [],
                "principal_id": "267eb399-5cd0-43c7-9ead-2fb28570ebc8",
                "tenant_id": "20d50aa8-9f98-45c5-a698-e58be99c390d",
                "type": "SystemAssigned"
              }
            ],
            "image_cleaner_enabled": null,
            "image_cleaner_interval_hours": null,
            "ingress_application_gateway": [],
            "key_management_service": [],
            "key_vault_secrets_provider": [
              {
                "secret_identity": [
                  {
                    "client_id": "8c70abc0-cfa9-43bc-9a1d-344195784e16",
                    "object_id": "d5101545-0f7e-495a-83b1-2a813b11297d",
                    "user_assigned_identity_id": "/subscriptions/55a5740e-376a-4d19-9be9-ae2be9c3731e/resourcegroups/MC_openclaw-rg_openclaw-aks_westus2/providers/Microsoft.ManagedIdentity/userAssignedIdentities/azurekeyvaultsecretsprovider-openclaw-aks"
                  }
                ],
                "secret_rotation_enabled": true,
                "secret_rotation_interval": "2m"
              }
            ],
            "kube_admin_config": [],
            "kube_admin_config_raw": "",
            "kube_config": [
              {
                "client_certificate": "LS0tLS1CRUdJTiBDRVJUSUZJQ0FURS0tLS0tCk1JSUZIakNDQXdhZ0F3SUJBZ0lSQU9vYm5WWityUTAvRkNLQnhrRDBCaE13RFFZSktvWklodmNOQVFFTEJRQXcKRFRFTE1Ba0dBMVVFQXhNQ1kyRXdIaGNOTWpZd016RTNNREl4TURVNVdoY05Namd3TXpFM01ESXlNRFU1V2pBdwpNUmN3RlFZRFZRUUtFdzV6ZVhOMFpXMDZiV0Z6ZEdWeWN6RVZNQk1HQTFVRUF4TU1iV0Z6ZEdWeVkyeHBaVzUwCk1JSUNJakFOQmdrcWhraUc5dzBCQVFFRkFBT0NBZzhBTUlJQ0NnS0NBZ0VBbGNKcXBCbzBHOGRZSDBHYkdtYkcKZGJaK3Bwd25PMi93SktPYW5yTXFoU1RmYW11ZFUrQ1cxSlliVzh3dVhoTDFaczRUVm9nekUwcWxVbnoycFRIbApxSEFoRXVEYTg4UnRKYUZVZTV0ZHpPYnlWd3VnL3I5Q29xcE1saTdvaDZWaGM4MGpxMmpsam1QZkV5QWNQZmlSCnBoL3R3YWlEZzBkQzJ3ZFV2d0cyNVhVbmZFUS9EZ3dDT1d6dHFrM3JLOVZDcG1QbW9vMFNhN2dCSEFyMWUxT3MKUnhiRGJkdmxMM1p2QVRIdjc3Rk1TNEc3WTUxVE1TaWVudnBKU2FWTXZCTzdLVSsrQmt2WU9SMlBHMlVEQzU5OAo2ejdzVDc3aXhUaDhCTHpnT0g2akJpWUl2Mi9nMzZpVExkeGVRejFjWmZMZkE4R2hrWkoyUnBMZWRnb1cxcThMCmozaXIxTjlHaklXYVBjZ1lSTDd2UjRGaTJJYUw1cHlqVEtzZ2RYMXZlZWZHRlQ0N3BrMDMrRjEyOVk5WU5wbHAKYkVOeDN3cW9QS0JDc1BoQVdSQTVLSmc2U0ZFbHgxc0IrMjdFeXhVbjJ5c1JEMzZDM3FRa1dReGQ1S2hKakYyUgoxcDBLYzBRNEtnQVdLRVB4UHFPNXY0bTRNSEdUb3FLektSOXpWN2hDM05sVmtLcXNnLzU5cFArbVJ2cmxRUmlLCldacXpJVDdwUkVvMU0wc0xZcEZCbmpySko4Nlh6ZDZISEczU1FMbVJLVmhVWFVUaG9NaGlNeXBuanFWM0s5WGUKQSs2aWJJODdkZkViSnlJWG9odS9QMGhCRENoL1FrcnZ2NlB0ZW9kZXZYYkNFNEo4RlNBOTJIUlVodURSR3VjawpxVmlid3gwT2phN2xFWmtHbGEzangwRUNBd0VBQWFOV01GUXdEZ1lEVlIwUEFRSC9CQVFEQWdXZ01CTUdBMVVkCkpRUU1NQW9HQ0NzR0FRVUZCd01DTUF3R0ExVWRFd0VCL3dRQ01BQXdId1lEVlIwakJCZ3dGb0FVYXJuMWg0OSsKV1BpMmhoc3VLS3A5Q2pUejBtRXdEUVlKS29aSWh2Y05BUUVMQlFBRGdnSUJBQ1RMN2IvL1Z0VVB5ZTlsWDl3OQpBM0tQL0N3SFQzMThvOTNNL2dDUFBJSG43VWV1eU5pNjM4S1RMTEp4SXVteWdwL1U1UmxSVHUrVnRnUXlaV3RGCi8reTJ2Qmc2bDhwZ2pTUHl1dnlVZlN6ZGRWM2l3cWx2S3JhczhYWU0zNm41emRZVWNiVUZJMGJJNVl4R1BacmEKYll6MVptdENVUGpCN0lLREFJWG1qKzMxYlNlb1JtTGFyOGs5R3ViUkRJQ1JEcW9YYWZvM3VJMDRjTmFMRlFxVworTk8zT2tyM2hBRU9UT083ekxpaHNVejdCUVJucFVwV0Y4UHhrYWlRWDNDWXBhWkVGbEJtcUtsWjE4ZUNlbVI0CndHY0pPUC85bHAvb1M0TXVjczlIRjFYUGcwbGVnS3pwcVdiUlJkZmYvWXUwZldFYVRTdk13WVlUSmdUemJiOXIKL3RXN1RxYWQ1SFh2V3BucDg2elUwS2VxMkhDTUVVbllMLzFMRmt4KytqT3ZuT2IwRkFhbFROUmk2SFZxZWJwegpLdHVKbzRnSGJkZzhjRU54Mis2OEJhbzhTakdXMzFJUGJCK0N1a2JaK3JVdUp5TjRtNVZIZER5aFBzRmtGZ1VBClFMOTNML29oMWR4S2t6eEhVQUtzWk8xQWwzaGV2dm55cGswZnVBejUza3BjWGIyMVQwUW5GT0pYcTVJYTk4ZnQKcDg3ZjZmM0xQYlQxUm1rNmlZS29idllJQWpMbW5Fa1RhMTFnc1lkdmZtNU85Rm9iejBOVEkvNkI0c1dlbVNIUAowQ2dXZ1JUUzA0OGVVb0ZtU2dySGlNM1NWWGVCY2d2Y2xBY1NzSU5pU2VZUU1VdGs0ZDB1djlyWDZnb1RvVmRyCkp1Um1DNDJvR0YwcGo4SmlGV1pNeEFNNwotLS0tLUVORCBDRVJUSUZJQ0FURS0tLS0tCg==",
                "client_key": "LS0tLS1CRUdJTiBSU0EgUFJJVkFURSBLRVktLS0tLQpNSUlKS0FJQkFBS0NBZ0VBbGNKcXBCbzBHOGRZSDBHYkdtYkdkYlorcHB3bk8yL3dKS09hbnJNcWhTVGZhbXVkClUrQ1cxSlliVzh3dVhoTDFaczRUVm9nekUwcWxVbnoycFRIbHFIQWhFdURhODhSdEphRlVlNXRkek9ieVZ3dWcKL3I5Q29xcE1saTdvaDZWaGM4MGpxMmpsam1QZkV5QWNQZmlScGgvdHdhaURnMGRDMndkVXZ3RzI1WFVuZkVRLwpEZ3dDT1d6dHFrM3JLOVZDcG1QbW9vMFNhN2dCSEFyMWUxT3NSeGJEYmR2bEwzWnZBVEh2NzdGTVM0RzdZNTFUCk1TaWVudnBKU2FWTXZCTzdLVSsrQmt2WU9SMlBHMlVEQzU5ODZ6N3NUNzdpeFRoOEJMemdPSDZqQmlZSXYyL2cKMzZpVExkeGVRejFjWmZMZkE4R2hrWkoyUnBMZWRnb1cxcThMajNpcjFOOUdqSVdhUGNnWVJMN3ZSNEZpMklhTAo1cHlqVEtzZ2RYMXZlZWZHRlQ0N3BrMDMrRjEyOVk5WU5wbHBiRU54M3dxb1BLQkNzUGhBV1JBNUtKZzZTRkVsCngxc0IrMjdFeXhVbjJ5c1JEMzZDM3FRa1dReGQ1S2hKakYyUjFwMEtjMFE0S2dBV0tFUHhQcU81djRtNE1IR1QKb3FLektSOXpWN2hDM05sVmtLcXNnLzU5cFArbVJ2cmxRUmlLV1pxeklUN3BSRW8xTTBzTFlwRkJuanJKSjg2WAp6ZDZISEczU1FMbVJLVmhVWFVUaG9NaGlNeXBuanFWM0s5WGVBKzZpYkk4N2RmRWJKeUlYb2h1L1AwaEJEQ2gvClFrcnZ2NlB0ZW9kZXZYYkNFNEo4RlNBOTJIUlVodURSR3Vja3FWaWJ3eDBPamE3bEVaa0dsYTNqeDBFQ0F3RUEKQVFLQ0FnQUNvdXdkWkJyd0Z0ZkFrWlZkL2FYWGFlWlFlY3VSQS9zRjk3OTZEM1JJcktZdDRnMHJ1WVducGlGdwpEUUpMbXlWc3BkMlBPbFU5ZjltSHdCUVVVaCtWYy9oYjZNOUpmU1JDNEpnc0FRUEJ3SnA4R1VmQVVZT1hMZXJaCnhXZFhGaHFoVEVwT3ljSEFrUjJYRmUxc0xVZFZQeGJ4ZzY4MFR3NUtaUC9aeVJkLytidURQN3cwVWs3TWlreVUKN0ZNZkNqZjlML1FwWVBNTVpIbWNEZ212Ly9qanhNbFNKVmtVUm5Fbnhjb1QzN2oya0NjVXNTNzBUYTVndDg0bQpNU05XRWd6YWFreVZUalJWUEY0dm5QT25rVHBNUVJSTCs2LzVNdXBHbU5kVW5PenZRaGxqZ0c4MW81ZmlpTFlkCjM4elFIa3RjSXVTTHM5YlBmMDd3S0NneUFiK2x4QlRlajRJYUp6bnhvN08zU2pPejUyc2hHTDJIWkxqZC95VUsKbG1XdEVpU3lDQytoNndPdHlnSmhCdFhVRlU4ZEN3U2NBTys4Z0QxUlRuMXd5akhuQnUvbjJHQURuSGIrTmd5eApEbmtkREVFNU9PMURNQzdxOWVCRVpzU3FWb2Rwa0FBdk5FTHoySFFXemlNT1UzKzRUTzZYaFpYbm5CdDlZTm5VCmdSa1ROVTljNUJic25MSTExVG5rc2RNYXhISXlYcDdHSlN6VUhSaU5kMVBOS2RtVC9DNUM1STVLQ1lHVlBKRTQKcWVuaFJFdEpHdmpoTnJ0eDBweExGNUQzYlNaQkhMSlUxR0puZUJKTmNBYnFGRnZwWjY3L3U4OXVNblJxZ09MagozYUwyVEZCcFFYVTl5TDZHQ0Q3cm84N1FEcHIrTVNWd2pReTZJK0dOZDRRRzZBMHFEd0tDQVFFQXd6MjFyVDNRCjRRZUhjcXdJSTF5S0FBVXpsaHVrTTlDSlJ4ZEZIYTBaMlZwcXA1Mks3WkR1NGFpV1FZa3FiNWlVZHVRVmxwak0KZmQvcmQrelg4NWpQNUg2VjRLdkNZQ1BLcXRad1RNVmtYT0NGL3pPWFdCWWFKTkxrNHNDaHJMNVZMNlJhUS8xZApMZVViT2FjUENnVlU0OGIyQ1VXMVRMaXgzUEJOUzFKRm5wSnJjNjhyTmFhUGQ0aXJ2SWJuZ0NLQThDa3NMeFhmCm14bCtxTks0YWRhcHVtdHRCbzY1eHJUUFp2WURxa3NUb2duaFRYUWdhQU1BYjF0bEZqWW1nZHZUVU9vQjFOdG4KdjNtS2prOVhFSTZKNkcyY08xbDU4ZVRxaWtnU0pycC82M2phK2hHSCtLU05xYURmUmI2VG8welB1UXRyYU44Qwp4a2I4T2dzcGwzRHF5d0tDQVFFQXhGMVJkZTJvMGdnMG9rWVg2UFI4Q05jeVJ6VkEwZlFUZ2wrNExUYjZXUU9FCkxRSVR0a2M3U0NXeVlTb3RQV1ZzVzBRTEpFQmFJOS80cWIwQWtCdm9qY0RJa29qM29kZDBwYWlOeDhyTWlzcjcKbEdMSklHeXk3cThwL055SjF0UzVxYUF6TFJUaEVQekQyR2IrYnZzb2xVKy81ODFIczBlZTYvZnQ5SHVUSk1LUQp6VWdMc29wcVZVZDUyblBiOW41K1pFL21tU0p5QWUxS2lGZzd5SWgvQzdJL0FIK0tIaHNJWmI4UHFxdW1ZSWF5CmFsc2cydDFVVFVQNWREKzhudjRob1VVajZUTlA4WUVRV1dtN2IwQXBtS3VPRGRpZmFLcTJSTndOdi9zTHRVWTUKRUg0eGgveU5RbUFLbHNNNkZFYTR1R21GU054WjZhVWdVNFlNTlVuWW93S0NBUUJnTTNQbFhPUWpQVFo4UmsvcwpQSml5MGQxTlJXbHZMbjIxemIxOGxlSjZ1cFo2NktHZjFSNGZpcFllekp0Z1NXbzkrcnk0YTZtM0RESlY4Um1uCktkQ2w0Y212M25IME5TNlRadjRHbGV5UjV2K2ZjNmhLK3ZqKzAvdDd6emJhaXg0bVQzRTZ0d2pHcUhEMXcxOGgKck9iYkpSbnVENjc1a3JmeENXYk1pa2xMalJIcytvN3I3Sm9jWi9kVytaSHdEUkJEUmNaRG5SK0VxTmRFRURCVgoxalBqYXpOWlc5SW1Hc2xuRGlsWUs0NE05WmxTTkxvVEJnZWMxd2ZFSGdKelVnR1ppUFJHRWFYWkx1WWFvUFZoCmJ4cDhzQ1dmQ01PUmNSNHY3THNrNGhoTnlrcjdsTS9Pc0NZdFF0dEEzbHFZeUN4Q0hXSmJWaWRqMDI1TW0xdHYKQjNCcEFvSUJBQmhGeEwwRURKc3h3bmZRbkVJQ2ZwYUZLMFRjRTFBZ2tJek1Fak1jbWFPSktMeDdoajVBM2RZVQpPdEdCNmlldHN0QXhRQU5TSlJKTUxDdW5IanV5QjNRR1FZVERnNEN3NWsxWDRYYXgzY2pHUUlUZUZTaDU1MEJUCnpLZmlCdlBVUmNMdTk0UjZFVHdOVXBRY1h4VU8zTHhnS0VPWi8yUHMxWHNyb1hGWUdSOHhJYjhPU2N2ZkNqZlMKWndDVzA3akxlQW9rU2tmaGx5QWYyZGV5dUdrWVhrUHUyNVRQTHg1N2p2VXN3ZDRCNjhZQXdHc2ZLcGVEUmxscQpycG90Q3I3SWdSV3pPelluVHBsMnI3T3R1eXFNVHRmOVZNam5Yd1VNSFEyeitjc2lXQmNuUUFTRzVNNS9iR0twCkJvWU9TYzZaMDFtUVNaWnhEbmd3SGlmVTZRdHBQbXNDZ2dFQkFJSWYremtpeEx0ZklNR2ZkMGFURW9aRkYyRXQKeDlyalRGWm5mMnRPM2NvNzlrQkdzbHVXblMwWlM5MU1JcUIrMEIvQmgzVUcrTlN1djV3RTZieEdhVTdNU25hMgpxdVZyaXN1NTJNTGpoWEZGRmsrUmZLaHErSWFRTlhOZ1lTOFdEZlJYSDArUGpYdDIwOFNPT3VvUy96eFhuakJZCkU2UzFUajBjLzdoL2ViRlNRVklJZElvNm9JV2N4Ymh1UWt6ZVdyK3ErUjU1K3l6UTRGZGhWREJHNy9ialBtSjIKUkdxZEJJOXplWlJRMGFtVy8xZElTUnNEZWV2T2RhOU1WNkJJUGd6QU92bHhUSmJwOUs5YzVKV2pST3Z0MzJEVApsaGozZ3Z2b1hjdy9FdmlaYTZTRnM4d0hyeFc3QXhzQSszNENIMmlQZSt2Rm41VzFWYmVVbzZLbnFNQT0KLS0tLS1FTkQgUlNBIFBSSVZBVEUgS0VZLS0tLS0K",
                "cluster_ca_certificate": "LS0tLS1CRUdJTiBDRVJUSUZJQ0FURS0tLS0tCk1JSUU2VENDQXRHZ0F3SUJBZ0lSQUl5V1UyT2NRS3RLNnJIaHFYSi9QMm93RFFZSktvWklodmNOQVFFTEJRQXcKRFRFTE1Ba0dBMVVFQXhNQ1kyRXdJQmNOTWpZd016RTNNREl4TURVNVdoZ1BNakExTmpBek1UY3dNakl3TlRsYQpNQTB4Q3pBSkJnTlZCQU1UQW1OaE1JSUNJakFOQmdrcWhraUc5dzBCQVFFRkFBT0NBZzhBTUlJQ0NnS0NBZ0VBCnJ0UXNYam1oL1Nua1NTSDVpVVVhN1J5bk5Td1VlY3pXdmh1Ry9Eamp4OU92K0JjdGpoRzFOTlloSGs2Z2VUTWQKRXVqSkU5QnRNV1BhcHFPdEpOa2hNdElHeFZzNkcyUktBMWZURDNNdDduSEhKbkROd2I0eTNvQ1BRKzVJOFRpcwoxaGZob21TWHphbFFLbURwTXloejFHZ2R5bTFWRXNCaGVqNmFXQ3VkYWhvWDl3SFpVR2dhREE5OEQxSnQ5OFB1Ci85YlVxQXZlb2JKOW9jdE9RRVpLdk9MQTZaTjQ1YUptNnloNlk4aGszU2JTYWdFbDR5R0VjZUdnRE9xcTJaNTkKUGhENjFkdWlWQldjZ2NFV2VXa0czWExOV3hWNEtjVGNDZndmUUNQcWlXT1gwbDBBTUJPN28yQnhyN2crN0pwbgpPV1c4R20wbW5vaXYrSmdOQTRZUndVTmEzSXdqRlltcnY0M09WWjVLRFFiZGMyS3dlSGl4YUVyR01aL0tNaWhECmtqSENpZFAzeG14Nmd6TU9mcTMrdkg2YVFEdE5iTEFtQ0dVZStrcldQWHpUaDBKbmdVemcyL0M5ZEl5NWR2RTQKdjJSNGpucnQrSnBXclRkYkYvNG1nK1RKZ0Z0VnRmOE93dDFxajhxNnN0MUVvWW5Na0c0R2cveVpDVmZIV05YYwpFYVluOHQxeHFFZWs0U0h6RDRMVjlPc0hoai8vZmJwZTRMWjY2VThndW1WVlBTU3I5YWp4cDd4VGIwTmc4SGowCktrak5Tc09CZUZFN0loNE82VnRpVmFvY2JRYlp2ZEhQY29WU1E1K1Q3TEpSSzNLSi92dWZ5MkliN2hsZWg0NGgKL2J3aVNWRGhYTnpSWW9jRzc5SWRZNkpnZFU0ZEYwNXN6WVRQaE0vbnNqVUNBd0VBQWFOQ01FQXdEZ1lEVlIwUApBUUgvQkFRREFnS2tNQThHQTFVZEV3RUIvd1FGTUFNQkFmOHdIUVlEVlIwT0JCWUVGR3E1OVllUGZsajR0b1liCkxpaXFmUW8wODlKaE1BMEdDU3FHU0liM0RRRUJDd1VBQTRJQ0FRQWFzc25GbVJzZkJtdXFJcS9xdndYVUtVQmkKUy9GZXZzOHhuNTlyaTQ3MEJtVGpEVlh6MFBCYUs5Y3dJN21FcVVTNFRNeEh5Y1YrY2N2ZEtLYU5OUHFhWDlrUwpsMDlpWWZIU2tkUmI3L054NEZNeXJBdk5hTEdoWk5wT21hM0JEUzhUVksvd2E0Mmlqa1c0SHNleCs3ZGNiZDluCmxvNDlRbDZpQ3d3N3haRUd5WXQvQkNLcTJybnNtS2hUMmdYSEQveTFxbnljYmFaaXlWd0FWdisyeHZxeTRCcWwKWGVJalUyeDRYcUozOThIb09mT0dKSVFHWlFVZTN5VmtCOXQwUDkrMkEyQ3Riclk0U0lXMExlRkFGbjdpNnFPdQpLQmZ4MFErZHA4K0RIbTNWNnVaS0oxUDhXTUhrcnBTTDgvMFFNR1YxUTVWTlpUaDk2eHBIdkM1V1p0TnV2bnBBCk1TaktIVHYydTl3d21zK3ZxMGhsTE9mRHZmeVNUWmVRVXZKQzhqUExTZm5IZ2NwZXU3dUdZQWU4NGdwQ2dBTlQKSm9BOEtnaHBmS2lSaWpMOXlOMkVTb0ZmejdPKys4Tk9RWStHcFRZVmgwQTArSzM5clpZVXNTaXBPNHd1QXI2Vgo4QjVqbjlrOFlJc0ZSQ0ZpbHAxVXZUVHVvVnBoOWxDMDRWcmJiYmV6ZjltOFFCZXViREQxQmNwd0VNVWtTMTZiCkZ2UFpZTThJbW9kbElrZCtyMFVGcS9Ham83MnV4RXdnczdhdVhHalRLMFZIMms4eldhQy9VZC9CMHpQVDYxZ0gKanB1UHE0b3VyNENnNGEyY0JVbTZDQkZtcmRYaFc2Y056SDRBRVpOaWk4OFBGbFFnL3A0SC9pZWNKK2tHZU5YUQo0bzFkL0loVTJQV0VXRWxFR0E9PQotLS0tLUVORCBDRVJUSUZJQ0FURS0tLS0tCg==",
                "host": "https://openclaw-1w7jrdhv.hcp.westus2.azmk8s.io:443",
                "password": "igbdbn2z2nfb0v8u5x1kxn4whlyl005nq7afav5g48jebxcladgt9gx6v4rlchpd0l67y5zfuifk4wyye9xvvz81gxvvtnbvyzu92wjjy3t422p833nchuke51oypshd",
                "username": "clusterUser_openclaw-rg_openclaw-aks"
              }
            ],
            "kube_config_raw": "apiVersion: v1\nclusters:\n- cluster:\n    certificate-authority-data: LS0tLS1CRUdJTiBDRVJUSUZJQ0FURS0tLS0tCk1JSUU2VENDQXRHZ0F3SUJBZ0lSQUl5V1UyT2NRS3RLNnJIaHFYSi9QMm93RFFZSktvWklodmNOQVFFTEJRQXcKRFRFTE1Ba0dBMVVFQXhNQ1kyRXdJQmNOTWpZd016RTNNREl4TURVNVdoZ1BNakExTmpBek1UY3dNakl3TlRsYQpNQTB4Q3pBSkJnTlZCQU1UQW1OaE1JSUNJakFOQmdrcWhraUc5dzBCQVFFRkFBT0NBZzhBTUlJQ0NnS0NBZ0VBCnJ0UXNYam1oL1Nua1NTSDVpVVVhN1J5bk5Td1VlY3pXdmh1Ry9Eamp4OU92K0JjdGpoRzFOTlloSGs2Z2VUTWQKRXVqSkU5QnRNV1BhcHFPdEpOa2hNdElHeFZzNkcyUktBMWZURDNNdDduSEhKbkROd2I0eTNvQ1BRKzVJOFRpcwoxaGZob21TWHphbFFLbURwTXloejFHZ2R5bTFWRXNCaGVqNmFXQ3VkYWhvWDl3SFpVR2dhREE5OEQxSnQ5OFB1Ci85YlVxQXZlb2JKOW9jdE9RRVpLdk9MQTZaTjQ1YUptNnloNlk4aGszU2JTYWdFbDR5R0VjZUdnRE9xcTJaNTkKUGhENjFkdWlWQldjZ2NFV2VXa0czWExOV3hWNEtjVGNDZndmUUNQcWlXT1gwbDBBTUJPN28yQnhyN2crN0pwbgpPV1c4R20wbW5vaXYrSmdOQTRZUndVTmEzSXdqRlltcnY0M09WWjVLRFFiZGMyS3dlSGl4YUVyR01aL0tNaWhECmtqSENpZFAzeG14Nmd6TU9mcTMrdkg2YVFEdE5iTEFtQ0dVZStrcldQWHpUaDBKbmdVemcyL0M5ZEl5NWR2RTQKdjJSNGpucnQrSnBXclRkYkYvNG1nK1RKZ0Z0VnRmOE93dDFxajhxNnN0MUVvWW5Na0c0R2cveVpDVmZIV05YYwpFYVluOHQxeHFFZWs0U0h6RDRMVjlPc0hoai8vZmJwZTRMWjY2VThndW1WVlBTU3I5YWp4cDd4VGIwTmc4SGowCktrak5Tc09CZUZFN0loNE82VnRpVmFvY2JRYlp2ZEhQY29WU1E1K1Q3TEpSSzNLSi92dWZ5MkliN2hsZWg0NGgKL2J3aVNWRGhYTnpSWW9jRzc5SWRZNkpnZFU0ZEYwNXN6WVRQaE0vbnNqVUNBd0VBQWFOQ01FQXdEZ1lEVlIwUApBUUgvQkFRREFnS2tNQThHQTFVZEV3RUIvd1FGTUFNQkFmOHdIUVlEVlIwT0JCWUVGR3E1OVllUGZsajR0b1liCkxpaXFmUW8wODlKaE1BMEdDU3FHU0liM0RRRUJDd1VBQTRJQ0FRQWFzc25GbVJzZkJtdXFJcS9xdndYVUtVQmkKUy9GZXZzOHhuNTlyaTQ3MEJtVGpEVlh6MFBCYUs5Y3dJN21FcVVTNFRNeEh5Y1YrY2N2ZEtLYU5OUHFhWDlrUwpsMDlpWWZIU2tkUmI3L054NEZNeXJBdk5hTEdoWk5wT21hM0JEUzhUVksvd2E0Mmlqa1c0SHNleCs3ZGNiZDluCmxvNDlRbDZpQ3d3N3haRUd5WXQvQkNLcTJybnNtS2hUMmdYSEQveTFxbnljYmFaaXlWd0FWdisyeHZxeTRCcWwKWGVJalUyeDRYcUozOThIb09mT0dKSVFHWlFVZTN5VmtCOXQwUDkrMkEyQ3Riclk0U0lXMExlRkFGbjdpNnFPdQpLQmZ4MFErZHA4K0RIbTNWNnVaS0oxUDhXTUhrcnBTTDgvMFFNR1YxUTVWTlpUaDk2eHBIdkM1V1p0TnV2bnBBCk1TaktIVHYydTl3d21zK3ZxMGhsTE9mRHZmeVNUWmVRVXZKQzhqUExTZm5IZ2NwZXU3dUdZQWU4NGdwQ2dBTlQKSm9BOEtnaHBmS2lSaWpMOXlOMkVTb0ZmejdPKys4Tk9RWStHcFRZVmgwQTArSzM5clpZVXNTaXBPNHd1QXI2Vgo4QjVqbjlrOFlJc0ZSQ0ZpbHAxVXZUVHVvVnBoOWxDMDRWcmJiYmV6ZjltOFFCZXViREQxQmNwd0VNVWtTMTZiCkZ2UFpZTThJbW9kbElrZCtyMFVGcS9Ham83MnV4RXdnczdhdVhHalRLMFZIMms4eldhQy9VZC9CMHpQVDYxZ0gKanB1UHE0b3VyNENnNGEyY0JVbTZDQkZtcmRYaFc2Y056SDRBRVpOaWk4OFBGbFFnL3A0SC9pZWNKK2tHZU5YUQo0bzFkL0loVTJQV0VXRWxFR0E9PQotLS0tLUVORCBDRVJUSUZJQ0FURS0tLS0tCg==\n    server: https://openclaw-1w7jrdhv.hcp.westus2.azmk8s.io:443\n  name: openclaw-aks\ncontexts:\n- context:\n    cluster: openclaw-aks\n    user: clusterUser_openclaw-rg_openclaw-aks\n  name: openclaw-aks\ncurrent-context: openclaw-aks\nkind: Config\nusers:\n- name: clusterUser_openclaw-rg_openclaw-aks\n  user:\n    client-certificate-data: LS0tLS1CRUdJTiBDRVJUSUZJQ0FURS0tLS0tCk1JSUZIakNDQXdhZ0F3SUJBZ0lSQU9vYm5WWityUTAvRkNLQnhrRDBCaE13RFFZSktvWklodmNOQVFFTEJRQXcKRFRFTE1Ba0dBMVVFQXhNQ1kyRXdIaGNOTWpZd016RTNNREl4TURVNVdoY05Namd3TXpFM01ESXlNRFU1V2pBdwpNUmN3RlFZRFZRUUtFdzV6ZVhOMFpXMDZiV0Z6ZEdWeWN6RVZNQk1HQTFVRUF4TU1iV0Z6ZEdWeVkyeHBaVzUwCk1JSUNJakFOQmdrcWhraUc5dzBCQVFFRkFBT0NBZzhBTUlJQ0NnS0NBZ0VBbGNKcXBCbzBHOGRZSDBHYkdtYkcKZGJaK3Bwd25PMi93SktPYW5yTXFoU1RmYW11ZFUrQ1cxSlliVzh3dVhoTDFaczRUVm9nekUwcWxVbnoycFRIbApxSEFoRXVEYTg4UnRKYUZVZTV0ZHpPYnlWd3VnL3I5Q29xcE1saTdvaDZWaGM4MGpxMmpsam1QZkV5QWNQZmlSCnBoL3R3YWlEZzBkQzJ3ZFV2d0cyNVhVbmZFUS9EZ3dDT1d6dHFrM3JLOVZDcG1QbW9vMFNhN2dCSEFyMWUxT3MKUnhiRGJkdmxMM1p2QVRIdjc3Rk1TNEc3WTUxVE1TaWVudnBKU2FWTXZCTzdLVSsrQmt2WU9SMlBHMlVEQzU5OAo2ejdzVDc3aXhUaDhCTHpnT0g2akJpWUl2Mi9nMzZpVExkeGVRejFjWmZMZkE4R2hrWkoyUnBMZWRnb1cxcThMCmozaXIxTjlHaklXYVBjZ1lSTDd2UjRGaTJJYUw1cHlqVEtzZ2RYMXZlZWZHRlQ0N3BrMDMrRjEyOVk5WU5wbHAKYkVOeDN3cW9QS0JDc1BoQVdSQTVLSmc2U0ZFbHgxc0IrMjdFeXhVbjJ5c1JEMzZDM3FRa1dReGQ1S2hKakYyUgoxcDBLYzBRNEtnQVdLRVB4UHFPNXY0bTRNSEdUb3FLektSOXpWN2hDM05sVmtLcXNnLzU5cFArbVJ2cmxRUmlLCldacXpJVDdwUkVvMU0wc0xZcEZCbmpySko4Nlh6ZDZISEczU1FMbVJLVmhVWFVUaG9NaGlNeXBuanFWM0s5WGUKQSs2aWJJODdkZkViSnlJWG9odS9QMGhCRENoL1FrcnZ2NlB0ZW9kZXZYYkNFNEo4RlNBOTJIUlVodURSR3VjawpxVmlid3gwT2phN2xFWmtHbGEzangwRUNBd0VBQWFOV01GUXdEZ1lEVlIwUEFRSC9CQVFEQWdXZ01CTUdBMVVkCkpRUU1NQW9HQ0NzR0FRVUZCd01DTUF3R0ExVWRFd0VCL3dRQ01BQXdId1lEVlIwakJCZ3dGb0FVYXJuMWg0OSsKV1BpMmhoc3VLS3A5Q2pUejBtRXdEUVlKS29aSWh2Y05BUUVMQlFBRGdnSUJBQ1RMN2IvL1Z0VVB5ZTlsWDl3OQpBM0tQL0N3SFQzMThvOTNNL2dDUFBJSG43VWV1eU5pNjM4S1RMTEp4SXVteWdwL1U1UmxSVHUrVnRnUXlaV3RGCi8reTJ2Qmc2bDhwZ2pTUHl1dnlVZlN6ZGRWM2l3cWx2S3JhczhYWU0zNm41emRZVWNiVUZJMGJJNVl4R1BacmEKYll6MVptdENVUGpCN0lLREFJWG1qKzMxYlNlb1JtTGFyOGs5R3ViUkRJQ1JEcW9YYWZvM3VJMDRjTmFMRlFxVworTk8zT2tyM2hBRU9UT083ekxpaHNVejdCUVJucFVwV0Y4UHhrYWlRWDNDWXBhWkVGbEJtcUtsWjE4ZUNlbVI0CndHY0pPUC85bHAvb1M0TXVjczlIRjFYUGcwbGVnS3pwcVdiUlJkZmYvWXUwZldFYVRTdk13WVlUSmdUemJiOXIKL3RXN1RxYWQ1SFh2V3BucDg2elUwS2VxMkhDTUVVbllMLzFMRmt4KytqT3ZuT2IwRkFhbFROUmk2SFZxZWJwegpLdHVKbzRnSGJkZzhjRU54Mis2OEJhbzhTakdXMzFJUGJCK0N1a2JaK3JVdUp5TjRtNVZIZER5aFBzRmtGZ1VBClFMOTNML29oMWR4S2t6eEhVQUtzWk8xQWwzaGV2dm55cGswZnVBejUza3BjWGIyMVQwUW5GT0pYcTVJYTk4ZnQKcDg3ZjZmM0xQYlQxUm1rNmlZS29idllJQWpMbW5Fa1RhMTFnc1lkdmZtNU85Rm9iejBOVEkvNkI0c1dlbVNIUAowQ2dXZ1JUUzA0OGVVb0ZtU2dySGlNM1NWWGVCY2d2Y2xBY1NzSU5pU2VZUU1VdGs0ZDB1djlyWDZnb1RvVmRyCkp1Um1DNDJvR0YwcGo4SmlGV1pNeEFNNwotLS0tLUVORCBDRVJUSUZJQ0FURS0tLS0tCg==\n    client-key-data: LS0tLS1CRUdJTiBSU0EgUFJJVkFURSBLRVktLS0tLQpNSUlKS0FJQkFBS0NBZ0VBbGNKcXBCbzBHOGRZSDBHYkdtYkdkYlorcHB3bk8yL3dKS09hbnJNcWhTVGZhbXVkClUrQ1cxSlliVzh3dVhoTDFaczRUVm9nekUwcWxVbnoycFRIbHFIQWhFdURhODhSdEphRlVlNXRkek9ieVZ3dWcKL3I5Q29xcE1saTdvaDZWaGM4MGpxMmpsam1QZkV5QWNQZmlScGgvdHdhaURnMGRDMndkVXZ3RzI1WFVuZkVRLwpEZ3dDT1d6dHFrM3JLOVZDcG1QbW9vMFNhN2dCSEFyMWUxT3NSeGJEYmR2bEwzWnZBVEh2NzdGTVM0RzdZNTFUCk1TaWVudnBKU2FWTXZCTzdLVSsrQmt2WU9SMlBHMlVEQzU5ODZ6N3NUNzdpeFRoOEJMemdPSDZqQmlZSXYyL2cKMzZpVExkeGVRejFjWmZMZkE4R2hrWkoyUnBMZWRnb1cxcThMajNpcjFOOUdqSVdhUGNnWVJMN3ZSNEZpMklhTAo1cHlqVEtzZ2RYMXZlZWZHRlQ0N3BrMDMrRjEyOVk5WU5wbHBiRU54M3dxb1BLQkNzUGhBV1JBNUtKZzZTRkVsCngxc0IrMjdFeXhVbjJ5c1JEMzZDM3FRa1dReGQ1S2hKakYyUjFwMEtjMFE0S2dBV0tFUHhQcU81djRtNE1IR1QKb3FLektSOXpWN2hDM05sVmtLcXNnLzU5cFArbVJ2cmxRUmlLV1pxeklUN3BSRW8xTTBzTFlwRkJuanJKSjg2WAp6ZDZISEczU1FMbVJLVmhVWFVUaG9NaGlNeXBuanFWM0s5WGVBKzZpYkk4N2RmRWJKeUlYb2h1L1AwaEJEQ2gvClFrcnZ2NlB0ZW9kZXZYYkNFNEo4RlNBOTJIUlVodURSR3Vja3FWaWJ3eDBPamE3bEVaa0dsYTNqeDBFQ0F3RUEKQVFLQ0FnQUNvdXdkWkJyd0Z0ZkFrWlZkL2FYWGFlWlFlY3VSQS9zRjk3OTZEM1JJcktZdDRnMHJ1WVducGlGdwpEUUpMbXlWc3BkMlBPbFU5ZjltSHdCUVVVaCtWYy9oYjZNOUpmU1JDNEpnc0FRUEJ3SnA4R1VmQVVZT1hMZXJaCnhXZFhGaHFoVEVwT3ljSEFrUjJYRmUxc0xVZFZQeGJ4ZzY4MFR3NUtaUC9aeVJkLytidURQN3cwVWs3TWlreVUKN0ZNZkNqZjlML1FwWVBNTVpIbWNEZ212Ly9qanhNbFNKVmtVUm5Fbnhjb1QzN2oya0NjVXNTNzBUYTVndDg0bQpNU05XRWd6YWFreVZUalJWUEY0dm5QT25rVHBNUVJSTCs2LzVNdXBHbU5kVW5PenZRaGxqZ0c4MW81ZmlpTFlkCjM4elFIa3RjSXVTTHM5YlBmMDd3S0NneUFiK2x4QlRlajRJYUp6bnhvN08zU2pPejUyc2hHTDJIWkxqZC95VUsKbG1XdEVpU3lDQytoNndPdHlnSmhCdFhVRlU4ZEN3U2NBTys4Z0QxUlRuMXd5akhuQnUvbjJHQURuSGIrTmd5eApEbmtkREVFNU9PMURNQzdxOWVCRVpzU3FWb2Rwa0FBdk5FTHoySFFXemlNT1UzKzRUTzZYaFpYbm5CdDlZTm5VCmdSa1ROVTljNUJic25MSTExVG5rc2RNYXhISXlYcDdHSlN6VUhSaU5kMVBOS2RtVC9DNUM1STVLQ1lHVlBKRTQKcWVuaFJFdEpHdmpoTnJ0eDBweExGNUQzYlNaQkhMSlUxR0puZUJKTmNBYnFGRnZwWjY3L3U4OXVNblJxZ09MagozYUwyVEZCcFFYVTl5TDZHQ0Q3cm84N1FEcHIrTVNWd2pReTZJK0dOZDRRRzZBMHFEd0tDQVFFQXd6MjFyVDNRCjRRZUhjcXdJSTF5S0FBVXpsaHVrTTlDSlJ4ZEZIYTBaMlZwcXA1Mks3WkR1NGFpV1FZa3FiNWlVZHVRVmxwak0KZmQvcmQrelg4NWpQNUg2VjRLdkNZQ1BLcXRad1RNVmtYT0NGL3pPWFdCWWFKTkxrNHNDaHJMNVZMNlJhUS8xZApMZVViT2FjUENnVlU0OGIyQ1VXMVRMaXgzUEJOUzFKRm5wSnJjNjhyTmFhUGQ0aXJ2SWJuZ0NLQThDa3NMeFhmCm14bCtxTks0YWRhcHVtdHRCbzY1eHJUUFp2WURxa3NUb2duaFRYUWdhQU1BYjF0bEZqWW1nZHZUVU9vQjFOdG4KdjNtS2prOVhFSTZKNkcyY08xbDU4ZVRxaWtnU0pycC82M2phK2hHSCtLU05xYURmUmI2VG8welB1UXRyYU44Qwp4a2I4T2dzcGwzRHF5d0tDQVFFQXhGMVJkZTJvMGdnMG9rWVg2UFI4Q05jeVJ6VkEwZlFUZ2wrNExUYjZXUU9FCkxRSVR0a2M3U0NXeVlTb3RQV1ZzVzBRTEpFQmFJOS80cWIwQWtCdm9qY0RJa29qM29kZDBwYWlOeDhyTWlzcjcKbEdMSklHeXk3cThwL055SjF0UzVxYUF6TFJUaEVQekQyR2IrYnZzb2xVKy81ODFIczBlZTYvZnQ5SHVUSk1LUQp6VWdMc29wcVZVZDUyblBiOW41K1pFL21tU0p5QWUxS2lGZzd5SWgvQzdJL0FIK0tIaHNJWmI4UHFxdW1ZSWF5CmFsc2cydDFVVFVQNWREKzhudjRob1VVajZUTlA4WUVRV1dtN2IwQXBtS3VPRGRpZmFLcTJSTndOdi9zTHRVWTUKRUg0eGgveU5RbUFLbHNNNkZFYTR1R21GU054WjZhVWdVNFlNTlVuWW93S0NBUUJnTTNQbFhPUWpQVFo4UmsvcwpQSml5MGQxTlJXbHZMbjIxemIxOGxlSjZ1cFo2NktHZjFSNGZpcFllekp0Z1NXbzkrcnk0YTZtM0RESlY4Um1uCktkQ2w0Y212M25IME5TNlRadjRHbGV5UjV2K2ZjNmhLK3ZqKzAvdDd6emJhaXg0bVQzRTZ0d2pHcUhEMXcxOGgKck9iYkpSbnVENjc1a3JmeENXYk1pa2xMalJIcytvN3I3Sm9jWi9kVytaSHdEUkJEUmNaRG5SK0VxTmRFRURCVgoxalBqYXpOWlc5SW1Hc2xuRGlsWUs0NE05WmxTTkxvVEJnZWMxd2ZFSGdKelVnR1ppUFJHRWFYWkx1WWFvUFZoCmJ4cDhzQ1dmQ01PUmNSNHY3THNrNGhoTnlrcjdsTS9Pc0NZdFF0dEEzbHFZeUN4Q0hXSmJWaWRqMDI1TW0xdHYKQjNCcEFvSUJBQmhGeEwwRURKc3h3bmZRbkVJQ2ZwYUZLMFRjRTFBZ2tJek1Fak1jbWFPSktMeDdoajVBM2RZVQpPdEdCNmlldHN0QXhRQU5TSlJKTUxDdW5IanV5QjNRR1FZVERnNEN3NWsxWDRYYXgzY2pHUUlUZUZTaDU1MEJUCnpLZmlCdlBVUmNMdTk0UjZFVHdOVXBRY1h4VU8zTHhnS0VPWi8yUHMxWHNyb1hGWUdSOHhJYjhPU2N2ZkNqZlMKWndDVzA3akxlQW9rU2tmaGx5QWYyZGV5dUdrWVhrUHUyNVRQTHg1N2p2VXN3ZDRCNjhZQXdHc2ZLcGVEUmxscQpycG90Q3I3SWdSV3pPelluVHBsMnI3T3R1eXFNVHRmOVZNam5Yd1VNSFEyeitjc2lXQmNuUUFTRzVNNS9iR0twCkJvWU9TYzZaMDFtUVNaWnhEbmd3SGlmVTZRdHBQbXNDZ2dFQkFJSWYremtpeEx0ZklNR2ZkMGFURW9aRkYyRXQKeDlyalRGWm5mMnRPM2NvNzlrQkdzbHVXblMwWlM5MU1JcUIrMEIvQmgzVUcrTlN1djV3RTZieEdhVTdNU25hMgpxdVZyaXN1NTJNTGpoWEZGRmsrUmZLaHErSWFRTlhOZ1lTOFdEZlJYSDArUGpYdDIwOFNPT3VvUy96eFhuakJZCkU2UzFUajBjLzdoL2ViRlNRVklJZElvNm9JV2N4Ymh1UWt6ZVdyK3ErUjU1K3l6UTRGZGhWREJHNy9ialBtSjIKUkdxZEJJOXplWlJRMGFtVy8xZElTUnNEZWV2T2RhOU1WNkJJUGd6QU92bHhUSmJwOUs5YzVKV2pST3Z0MzJEVApsaGozZ3Z2b1hjdy9FdmlaYTZTRnM4d0hyeFc3QXhzQSszNENIMmlQZSt2Rm41VzFWYmVVbzZLbnFNQT0KLS0tLS1FTkQgUlNBIFBSSVZBVEUgS0VZLS0tLS0K\n    token: igbdbn2z2nfb0v8u5x1kxn4whlyl005nq7afav5g48jebxcladgt9gx6v4rlchpd0l67y5zfuifk4wyye9xvvz81gxvvtnbvyzu92wjjy3t422p833nchuke51oypshd\n",
            "kubelet_identity": [
              {
                "client_id": "7171ede5-784f-451f-b68a-0d84928d4846",
                "object_id": "9fba79ab-76de-4ada-8ae1-29dbb5a5a543",
                "user_assigned_identity_id": "/subscriptions/55a5740e-376a-4d19-9be9-ae2be9c3731e/resourceGroups/MC_openclaw-rg_openclaw-aks_westus2/providers/Microsoft.ManagedIdentity/userAssignedIdentities/openclaw-aks-agentpool"
              }
            ],
            "kubernetes_version": "1.32",
            "linux_profile": [],
            "local_account_disabled": false,
            "location": "westus2",
            "maintenance_window": [],
            "maintenance_window_auto_upgrade": [],
            "maintenance_window_node_os": [],
            "microsoft_defender": [],
            "monitor_metrics": [],
            "name": "openclaw-aks",
            "network_profile": [
              {
                "advanced_networking": [],
                "dns_service_ip": "10.1.0.10",
                "ip_versions": [
                  "IPv4"
                ],
                "load_balancer_profile": [
                  {
                    "backend_pool_type": "NodeIPConfiguration",
                    "effective_outbound_ips": [
                      "/subscriptions/55a5740e-376a-4d19-9be9-ae2be9c3731e/resourceGroups/MC_openclaw-rg_openclaw-aks_westus2/providers/Microsoft.Network/publicIPAddresses/52c9ca7c-bd25-495a-9d8f-12a71322ba04"
                    ],
                    "idle_timeout_in_minutes": 0,
                    "managed_outbound_ip_count": 1,
                    "managed_outbound_ipv6_count": 0,
                    "outbound_ip_address_ids": [],
                    "outbound_ip_prefix_ids": [],
                    "outbound_ports_allocated": 0
                  }
                ],
                "load_balancer_sku": "standard",
                "nat_gateway_profile": [],
                "network_data_plane": "azure",
                "network_mode": "",
                "network_plugin": "azure",
                "network_plugin_mode": "",
                "network_policy": "",
                "outbound_type": "loadBalancer",
                "pod_cidr": "",
                "pod_cidrs": [],
                "service_cidr": "10.1.0.0/16",
                "service_cidrs": [
                  "10.1.0.0/16"
                ]
              }
            ],
            "node_os_upgrade_channel": "NodeImage",
            "node_provisioning_profile": [
              {
                "default_node_pools": "Auto",
                "mode": "Manual"
              }
            ],
            "node_resource_group": "MC_openclaw-rg_openclaw-aks_westus2",
            "node_resource_group_id": "/subscriptions/55a5740e-376a-4d19-9be9-ae2be9c3731e/resourceGroups/MC_openclaw-rg_openclaw-aks_westus2",
            "oidc_issuer_enabled": true,
            "oidc_issuer_url": "https://westus2.oic.prod-aks.azure.com/20d50aa8-9f98-45c5-a698-e58be99c390d/0255b49c-4dbd-4545-aca6-b069ce296111/",
            "oms_agent": [
              {
                "log_analytics_workspace_id": "/subscriptions/55a5740e-376a-4d19-9be9-ae2be9c3731e/resourceGroups/openclaw-rg/providers/Microsoft.OperationalInsights/workspaces/openclaw-logs",
                "msi_auth_for_monitoring_enabled": false,
                "oms_agent_identity": [
                  {
                    "client_id": "8aca4dc3-6163-4d60-8a73-710a228716e9",
                    "object_id": "c0368836-caa7-49b1-84b9-e1ebc08f9d61",
                    "user_assigned_identity_id": "/subscriptions/55a5740e-376a-4d19-9be9-ae2be9c3731e/resourcegroups/MC_openclaw-rg_openclaw-aks_westus2/providers/Microsoft.ManagedIdentity/userAssignedIdentities/omsagent-openclaw-aks"
                  }
                ]
              }
            ],
            "open_service_mesh_enabled": false,
            "portal_fqdn": "openclaw-1w7jrdhv.portal.hcp.westus2.azmk8s.io",
            "private_cluster_enabled": false,
            "private_cluster_public_fqdn_enabled": false,
            "private_dns_zone_id": "",
            "private_fqdn": "",
            "resource_group_name": "openclaw-rg",
            "role_based_access_control_enabled": true,
            "run_command_enabled": true,
            "service_mesh_profile": [],
            "service_principal": [],
            "sku_tier": "Free",
            "storage_profile": [],
            "support_plan": "KubernetesOfficial",
            "tags": {},
            "timeouts": null,
            "upgrade_override": [],
            "web_app_routing": [],
            "windows_profile": [
              {
                "admin_password": "",
                "admin_username": "azureuser",
                "gmsa": [],
                "license": ""
              }
            ],
            "workload_autoscaler_profile": [],
            "workload_identity_enabled": true
          },
          "sensitive_attributes": [
            [
              {
                "type": "get_attr",
                "value": "kube_admin_config"
              }
            ],
            [
              {
                "type": "get_attr",
                "value": "kube_admin_config_raw"
              }
            ],
            [
              {
                "type": "get_attr",
                "value": "kube_config"
              }
            ],
            [
              {
                "type": "get_attr",
                "value": "kube_config_raw"
              }
            ],
            [
              {
                "type": "get_attr",
                "value": "windows_profile"
              },
              {
                "type": "index",
                "value": {
                  "value": 0,
                  "type": "number"
                }
              },
              {
                "type": "get_attr",
                "value": "admin_password"
              }
            ]
          ],
          "identity_schema_version": 0,
          "private": "eyJlMmJmYjczMC1lY2FhLTExZTYtOGY4OC0zNDM2M2JjN2M0YzAiOnsiY3JlYXRlIjo1NDAwMDAwMDAwMDAwLCJkZWxldGUiOjU0MDAwMDAwMDAwMDAsInJlYWQiOjMwMDAwMDAwMDAwMCwidXBkYXRlIjo1NDAwMDAwMDAwMDAwfSwic2NoZW1hX3ZlcnNpb24iOiIyIn0=",
          "dependencies": [
            "azurerm_log_analytics_workspace.openclaw",
            "azurerm_subnet.aks",
            "azurerm_virtual_network.main",
            "data.azurerm_resource_group.main"
          ]
        }
      ]
    },
    {
      "mode": "managed",
      "type": "azurerm_log_analytics_workspace",
      "name": "openclaw",
      "provider": "provider[\"registry.terraform.io/hashicorp/azurerm\"]",
      "instances": [
        {
          "schema_version": 3,
          "attributes": {
            "allow_resource_only_permissions": true,
            "cmk_for_query_forced": false,
            "daily_quota_gb": -1,
            "data_collection_rule_id": "",
            "id": "/subscriptions/55a5740e-376a-4d19-9be9-ae2be9c3731e/resourceGroups/openclaw-rg/providers/Microsoft.OperationalInsights/workspaces/openclaw-logs",
            "identity": [],
            "immediate_data_purge_on_30_days_enabled": false,
            "internet_ingestion_enabled": true,
            "internet_query_enabled": true,
            "local_authentication_disabled": false,
            "local_authentication_enabled": true,
            "location": "westus2",
            "name": "openclaw-logs",
            "primary_shared_key": "AmskfWj+GbO7OoJQMo1E1gY0NgY1YHN+PTDO1hbnhIyQfVCKR6IJZxZXQduhlXXdf4/N5QXgdVipHH/obKg9+g==",
            "reservation_capacity_in_gb_per_day": null,
            "resource_group_name": "openclaw-rg",
            "retention_in_days": 30,
            "secondary_shared_key": "DYfTS7qhaF5JFeEaKBCkpYhuu/ttcNP5cds3Tx6lwqZVwdspy1pcFQqTqPZ4pxHaCpw61RSCSTIktTdE212z0w==",
            "sku": "PerGB2018",
            "tags": {},
            "timeouts": null,
            "workspace_id": "e0a980e3-62b6-434c-adf1-a5ebfc7f2408"
          },
          "sensitive_attributes": [
            [
              {
                "type": "get_attr",
                "value": "primary_shared_key"
              }
            ],
            [
              {
                "type": "get_attr",
                "value": "secondary_shared_key"
              }
            ]
          ],
          "identity_schema_version": 0,
          "private": "eyJlMmJmYjczMC1lY2FhLTExZTYtOGY4OC0zNDM2M2JjN2M0YzAiOnsiY3JlYXRlIjoxODAwMDAwMDAwMDAwLCJkZWxldGUiOjE4MDAwMDAwMDAwMDAsInJlYWQiOjMwMDAwMDAwMDAwMCwidXBkYXRlIjoxODAwMDAwMDAwMDAwfSwic2NoZW1hX3ZlcnNpb24iOiIzIn0=",
          "dependencies": [
            "data.azurerm_resource_group.main"
          ]
        }
      ]
    },
    {
      "mode": "managed",
      "type": "azurerm_network_security_group",
      "name": "apim",
      "provider": "provider[\"registry.terraform.io/hashicorp/azurerm\"]",
      "instances": [
        {
          "schema_version": 0,
          "attributes": {
            "id": "/subscriptions/55a5740e-376a-4d19-9be9-ae2be9c3731e/resourceGroups/openclaw-rg/providers/Microsoft.Network/networkSecurityGroups/apim-nsg",
            "location": "westus2",
            "name": "apim-nsg",
            "resource_group_name": "openclaw-rg",
            "security_rule": [
              {
                "access": "Allow",
                "description": "",
                "destination_address_prefix": "10.0.8.0/24",
                "destination_address_prefixes": [],
                "destination_application_security_group_ids": [],
                "destination_port_range": "443",
                "destination_port_ranges": [],
                "direction": "Inbound",
                "name": "allow-aks-inbound",
                "priority": 100,
                "protocol": "Tcp",
                "source_address_prefix": "10.0.0.0/22",
                "source_address_prefixes": [],
                "source_application_security_group_ids": [],
                "source_port_range": "*",
                "source_port_ranges": []
              },
              {
                "access": "Allow",
                "description": "",
                "destination_address_prefix": "VirtualNetwork",
                "destination_address_prefixes": [],
                "destination_application_security_group_ids": [],
                "destination_port_range": "3443",
                "destination_port_ranges": [],
                "direction": "Inbound",
                "name": "allow-apim-management",
                "priority": 110,
                "protocol": "Tcp",
                "source_address_prefix": "ApiManagement",
                "source_address_prefixes": [],
                "source_application_security_group_ids": [],
                "source_port_range": "*",
                "source_port_ranges": []
              },
              {
                "access": "Deny",
                "description": "",
                "destination_address_prefix": "*",
                "destination_address_prefixes": [],
                "destination_application_security_group_ids": [],
                "destination_port_range": "*",
                "destination_port_ranges": [],
                "direction": "Inbound",
                "name": "deny-all-inbound",
                "priority": 4096,
                "protocol": "*",
                "source_address_prefix": "*",
                "source_address_prefixes": [],
                "source_application_security_group_ids": [],
                "source_port_range": "*",
                "source_port_ranges": []
              }
            ],
            "tags": {},
            "timeouts": null
          },
          "sensitive_attributes": [],
          "identity_schema_version": 0,
          "identity": {
            "name": "apim-nsg",
            "resource_group_name": "openclaw-rg",
            "subscription_id": "55a5740e-376a-4d19-9be9-ae2be9c3731e"
          },
          "private": "eyJlMmJmYjczMC1lY2FhLTExZTYtOGY4OC0zNDM2M2JjN2M0YzAiOnsiY3JlYXRlIjoxODAwMDAwMDAwMDAwLCJkZWxldGUiOjE4MDAwMDAwMDAwMDAsInJlYWQiOjMwMDAwMDAwMDAwMCwidXBkYXRlIjoxODAwMDAwMDAwMDAwfX0=",
          "dependencies": [
            "data.azurerm_resource_group.main"
          ]
        }
      ]
    },
    {
      "mode": "managed",
      "type": "azurerm_private_dns_zone",
      "name": "cognitive",
      "provider": "provider[\"registry.terraform.io/hashicorp/azurerm\"]",
      "instances": []
    },
    {
      "mode": "managed",
      "type": "azurerm_private_dns_zone",
      "name": "keyvault",
      "provider": "provider[\"registry.terraform.io/hashicorp/azurerm\"]",
      "instances": [
        {
          "schema_version": 0,
          "attributes": {
            "id": "/subscriptions/55a5740e-376a-4d19-9be9-ae2be9c3731e/resourceGroups/openclaw-rg/providers/Microsoft.Network/privateDnsZones/privatelink.vaultcore.azure.net",
            "max_number_of_record_sets": 25000,
            "max_number_of_virtual_network_links": 1000,
            "max_number_of_virtual_network_links_with_registration": 100,
            "name": "privatelink.vaultcore.azure.net",
            "number_of_record_sets": 2,
            "resource_group_name": "openclaw-rg",
            "soa_record": [
              {
                "email": "azureprivatedns-host.microsoft.com",
                "expire_time": 2419200,
                "fqdn": "privatelink.vaultcore.azure.net.",
                "host_name": "azureprivatedns.net",
                "minimum_ttl": 10,
                "refresh_time": 3600,
                "retry_time": 300,
                "serial_number": 1,
                "tags": {},
                "ttl": 3600
              }
            ],
            "tags": {},
            "timeouts": null
          },
          "sensitive_attributes": [],
          "identity_schema_version": 0,
          "identity": {
            "name": "privatelink.vaultcore.azure.net",
            "resource_group_name": "openclaw-rg",
            "subscription_id": "55a5740e-376a-4d19-9be9-ae2be9c3731e"
          },
          "private": "eyJlMmJmYjczMC1lY2FhLTExZTYtOGY4OC0zNDM2M2JjN2M0YzAiOnsiY3JlYXRlIjoxODAwMDAwMDAwMDAwLCJkZWxldGUiOjE4MDAwMDAwMDAwMDAsInJlYWQiOjMwMDAwMDAwMDAwMCwidXBkYXRlIjoxODAwMDAwMDAwMDAwfX0=",
          "dependencies": [
            "data.azurerm_resource_group.main"
          ]
        }
      ]
    },
    {
      "mode": "managed",
      "type": "azurerm_private_dns_zone",
      "name": "storage_file",
      "provider": "provider[\"registry.terraform.io/hashicorp/azurerm\"]",
      "instances": [
        {
          "schema_version": 0,
          "attributes": {
            "id": "/subscriptions/55a5740e-376a-4d19-9be9-ae2be9c3731e/resourceGroups/openclaw-rg/providers/Microsoft.Network/privateDnsZones/privatelink.file.core.windows.net",
            "max_number_of_record_sets": 25000,
            "max_number_of_virtual_network_links": 1000,
            "max_number_of_virtual_network_links_with_registration": 100,
            "name": "privatelink.file.core.windows.net",
            "number_of_record_sets": 2,
            "resource_group_name": "openclaw-rg",
            "soa_record": [
              {
                "email": "azureprivatedns-host.microsoft.com",
                "expire_time": 2419200,
                "fqdn": "privatelink.file.core.windows.net.",
                "host_name": "azureprivatedns.net",
                "minimum_ttl": 10,
                "refresh_time": 3600,
                "retry_time": 300,
                "serial_number": 1,
                "tags": {},
                "ttl": 3600
              }
            ],
            "tags": {},
            "timeouts": null
          },
          "sensitive_attributes": [],
          "identity_schema_version": 0,
          "identity": {
            "name": "privatelink.file.core.windows.net",
            "resource_group_name": "openclaw-rg",
            "subscription_id": "55a5740e-376a-4d19-9be9-ae2be9c3731e"
          },
          "private": "eyJlMmJmYjczMC1lY2FhLTExZTYtOGY4OC0zNDM2M2JjN2M0YzAiOnsiY3JlYXRlIjoxODAwMDAwMDAwMDAwLCJkZWxldGUiOjE4MDAwMDAwMDAwMDAsInJlYWQiOjMwMDAwMDAwMDAwMCwidXBkYXRlIjoxODAwMDAwMDAwMDAwfX0=",
          "dependencies": [
            "data.azurerm_resource_group.main"
          ]
        }
      ]
    },
    {
      "mode": "managed",
      "type": "azurerm_private_dns_zone_virtual_network_link",
      "name": "cognitive",
      "provider": "provider[\"registry.terraform.io/hashicorp/azurerm\"]",
      "instances": []
    },
    {
      "mode": "managed",
      "type": "azurerm_private_dns_zone_virtual_network_link",
      "name": "keyvault",
      "provider": "provider[\"registry.terraform.io/hashicorp/azurerm\"]",
      "instances": [
        {
          "schema_version": 0,
          "attributes": {
            "id": "/subscriptions/55a5740e-376a-4d19-9be9-ae2be9c3731e/resourceGroups/openclaw-rg/providers/Microsoft.Network/privateDnsZones/privatelink.vaultcore.azure.net/virtualNetworkLinks/keyvault-vnet-link",
            "name": "keyvault-vnet-link",
            "private_dns_zone_name": "privatelink.vaultcore.azure.net",
            "registration_enabled": false,
            "resolution_policy": "Default",
            "resource_group_name": "openclaw-rg",
            "tags": {},
            "timeouts": null,
            "virtual_network_id": "/subscriptions/55a5740e-376a-4d19-9be9-ae2be9c3731e/resourceGroups/openclaw-rg/providers/Microsoft.Network/virtualNetworks/openclaw-vnet"
          },
          "sensitive_attributes": [],
          "identity_schema_version": 0,
          "identity": {
            "name": "keyvault-vnet-link",
            "private_dns_zone_name": "privatelink.vaultcore.azure.net",
            "resource_group_name": "openclaw-rg",
            "subscription_id": "55a5740e-376a-4d19-9be9-ae2be9c3731e"
          },
          "private": "eyJlMmJmYjczMC1lY2FhLTExZTYtOGY4OC0zNDM2M2JjN2M0YzAiOnsiY3JlYXRlIjoxODAwMDAwMDAwMDAwLCJkZWxldGUiOjE4MDAwMDAwMDAwMDAsInJlYWQiOjMwMDAwMDAwMDAwMCwidXBkYXRlIjoxODAwMDAwMDAwMDAwfX0=",
          "dependencies": [
            "azurerm_private_dns_zone.keyvault",
            "azurerm_virtual_network.main",
            "data.azurerm_resource_group.main"
          ]
        }
      ]
    },
    {
      "mode": "managed",
      "type": "azurerm_private_dns_zone_virtual_network_link",
      "name": "storage_file",
      "provider": "provider[\"registry.terraform.io/hashicorp/azurerm\"]",
      "instances": [
        {
          "schema_version": 0,
          "attributes": {
            "id": "/subscriptions/55a5740e-376a-4d19-9be9-ae2be9c3731e/resourceGroups/openclaw-rg/providers/Microsoft.Network/privateDnsZones/privatelink.file.core.windows.net/virtualNetworkLinks/storage-file-vnet-link",
            "name": "storage-file-vnet-link",
            "private_dns_zone_name": "privatelink.file.core.windows.net",
            "registration_enabled": false,
            "resolution_policy": "Default",
            "resource_group_name": "openclaw-rg",
            "tags": {},
            "timeouts": null,
            "virtual_network_id": "/subscriptions/55a5740e-376a-4d19-9be9-ae2be9c3731e/resourceGroups/openclaw-rg/providers/Microsoft.Network/virtualNetworks/openclaw-vnet"
          },
          "sensitive_attributes": [],
          "identity_schema_version": 0,
          "identity": {
            "name": "storage-file-vnet-link",
            "private_dns_zone_name": "privatelink.file.core.windows.net",
            "resource_group_name": "openclaw-rg",
            "subscription_id": "55a5740e-376a-4d19-9be9-ae2be9c3731e"
          },
          "private": "eyJlMmJmYjczMC1lY2FhLTExZTYtOGY4OC0zNDM2M2JjN2M0YzAiOnsiY3JlYXRlIjoxODAwMDAwMDAwMDAwLCJkZWxldGUiOjE4MDAwMDAwMDAwMDAsInJlYWQiOjMwMDAwMDAwMDAwMCwidXBkYXRlIjoxODAwMDAwMDAwMDAwfX0=",
          "dependencies": [
            "azurerm_private_dns_zone.storage_file",
            "azurerm_virtual_network.main",
            "data.azurerm_resource_group.main"
          ]
        }
      ]
    },
    {
      "mode": "managed",
      "type": "azurerm_private_endpoint",
      "name": "ai_foundry",
      "provider": "provider[\"registry.terraform.io/hashicorp/azurerm\"]",
      "instances": []
    },
    {
      "mode": "managed",
      "type": "azurerm_private_endpoint",
      "name": "keyvault",
      "provider": "provider[\"registry.terraform.io/hashicorp/azurerm\"]",
      "instances": [
        {
          "schema_version": 0,
          "attributes": {
            "custom_dns_configs": [],
            "custom_network_interface_name": "",
            "id": "/subscriptions/55a5740e-376a-4d19-9be9-ae2be9c3731e/resourceGroups/openclaw-rg/providers/Microsoft.Network/privateEndpoints/pe-keyvault",
            "ip_configuration": [],
            "location": "westus2",
            "name": "pe-keyvault",
            "network_interface": [
              {
                "id": "/subscriptions/55a5740e-376a-4d19-9be9-ae2be9c3731e/resourceGroups/openclaw-rg/providers/Microsoft.Network/networkInterfaces/pe-keyvault.nic.cf6c2b95-7b5d-4b9d-9a83-d2ab0396ba58",
                "name": "pe-keyvault.nic.cf6c2b95-7b5d-4b9d-9a83-d2ab0396ba58"
              }
            ],
            "private_dns_zone_configs": [
              {
                "id": "/subscriptions/55a5740e-376a-4d19-9be9-ae2be9c3731e/resourceGroups/openclaw-rg/providers/Microsoft.Network/privateEndpoints/pe-keyvault/privateDnsZoneGroups/kv-dns/privateDnsZoneConfigs/privatelink.vaultcore.azure.net",
                "name": "privatelink.vaultcore.azure.net",
                "private_dns_zone_id": "/subscriptions/55a5740e-376a-4d19-9be9-ae2be9c3731e/resourceGroups/openclaw-rg/providers/Microsoft.Network/privateDnsZones/privatelink.vaultcore.azure.net",
                "record_sets": [
                  {
                    "fqdn": "openclaw-kv-d18c3b3c.privatelink.vaultcore.azure.net",
                    "ip_addresses": [
                      "10.0.12.5"
                    ],
                    "name": "openclaw-kv-d18c3b3c",
                    "ttl": 10,
                    "type": "A"
                  }
                ]
              }
            ],
            "private_dns_zone_group": [
              {
                "id": "/subscriptions/55a5740e-376a-4d19-9be9-ae2be9c3731e/resourceGroups/openclaw-rg/providers/Microsoft.Network/privateEndpoints/pe-keyvault/privateDnsZoneGroups/kv-dns",
                "name": "kv-dns",
                "private_dns_zone_ids": [
                  "/subscriptions/55a5740e-376a-4d19-9be9-ae2be9c3731e/resourceGroups/openclaw-rg/providers/Microsoft.Network/privateDnsZones/privatelink.vaultcore.azure.net"
                ]
              }
            ],
            "private_service_connection": [
              {
                "is_manual_connection": false,
                "name": "kv-connection",
                "private_connection_resource_alias": "",
                "private_connection_resource_id": "/subscriptions/55a5740e-376a-4d19-9be9-ae2be9c3731e/resourceGroups/openclaw-rg/providers/Microsoft.KeyVault/vaults/openclaw-kv-d18c3b3c",
                "private_ip_address": "10.0.12.5",
                "request_message": "",
                "subresource_names": [
                  "vault"
                ]
              }
            ],
            "resource_group_name": "openclaw-rg",
            "subnet_id": "/subscriptions/55a5740e-376a-4d19-9be9-ae2be9c3731e/resourceGroups/openclaw-rg/providers/Microsoft.Network/virtualNetworks/openclaw-vnet/subnets/pe-subnet",
            "tags": {},
            "timeouts": null
          },
          "sensitive_attributes": [],
          "identity_schema_version": 0,
          "identity": {
            "name": "pe-keyvault",
            "resource_group_name": "openclaw-rg",
            "subscription_id": "55a5740e-376a-4d19-9be9-ae2be9c3731e"
          },
          "private": "eyJlMmJmYjczMC1lY2FhLTExZTYtOGY4OC0zNDM2M2JjN2M0YzAiOnsiY3JlYXRlIjozNjAwMDAwMDAwMDAwLCJkZWxldGUiOjM2MDAwMDAwMDAwMDAsInJlYWQiOjMwMDAwMDAwMDAwMCwidXBkYXRlIjozNjAwMDAwMDAwMDAwfX0=",
          "dependencies": [
            "azurerm_key_vault.openclaw",
            "azurerm_private_dns_zone.keyvault",
            "azurerm_subnet.private_endpoints",
            "azurerm_virtual_network.main",
            "data.azurerm_client_config.current",
            "data.azurerm_resource_group.main",
            "random_id.suffix"
          ]
        }
      ]
    },
    {
      "mode": "managed",
      "type": "azurerm_private_endpoint",
      "name": "storage_files",
      "provider": "provider[\"registry.terraform.io/hashicorp/azurerm\"]",
      "instances": [
        {
          "schema_version": 0,
          "attributes": {
            "custom_dns_configs": [],
            "custom_network_interface_name": "",
            "id": "/subscriptions/55a5740e-376a-4d19-9be9-ae2be9c3731e/resourceGroups/openclaw-rg/providers/Microsoft.Network/privateEndpoints/pe-storage-files",
            "ip_configuration": [],
            "location": "westus2",
            "name": "pe-storage-files",
            "network_interface": [
              {
                "id": "/subscriptions/55a5740e-376a-4d19-9be9-ae2be9c3731e/resourceGroups/openclaw-rg/providers/Microsoft.Network/networkInterfaces/pe-storage-files.nic.ecb04cd8-4214-419b-a401-30dcd106ef98",
                "name": "pe-storage-files.nic.ecb04cd8-4214-419b-a401-30dcd106ef98"
              }
            ],
            "private_dns_zone_configs": [
              {
                "id": "/subscriptions/55a5740e-376a-4d19-9be9-ae2be9c3731e/resourceGroups/openclaw-rg/providers/Microsoft.Network/privateEndpoints/pe-storage-files/privateDnsZoneGroups/files-dns/privateDnsZoneConfigs/privatelink.file.core.windows.net",
                "name": "privatelink.file.core.windows.net",
                "private_dns_zone_id": "/subscriptions/55a5740e-376a-4d19-9be9-ae2be9c3731e/resourceGroups/openclaw-rg/providers/Microsoft.Network/privateDnsZones/privatelink.file.core.windows.net",
                "record_sets": [
                  {
                    "fqdn": "openclawstd18c3b3c.privatelink.file.core.windows.net",
                    "ip_addresses": [
                      "10.0.12.4"
                    ],
                    "name": "openclawstd18c3b3c",
                    "ttl": 10,
                    "type": "A"
                  }
                ]
              }
            ],
            "private_dns_zone_group": [
              {
                "id": "/subscriptions/55a5740e-376a-4d19-9be9-ae2be9c3731e/resourceGroups/openclaw-rg/providers/Microsoft.Network/privateEndpoints/pe-storage-files/privateDnsZoneGroups/files-dns",
                "name": "files-dns",
                "private_dns_zone_ids": [
                  "/subscriptions/55a5740e-376a-4d19-9be9-ae2be9c3731e/resourceGroups/openclaw-rg/providers/Microsoft.Network/privateDnsZones/privatelink.file.core.windows.net"
                ]
              }
            ],
            "private_service_connection": [
              {
                "is_manual_connection": false,
                "name": "files-connection",
                "private_connection_resource_alias": "",
                "private_connection_resource_id": "/subscriptions/55a5740e-376a-4d19-9be9-ae2be9c3731e/resourceGroups/openclaw-rg/providers/Microsoft.Storage/storageAccounts/openclawstd18c3b3c",
                "private_ip_address": "10.0.12.4",
                "request_message": "",
                "subresource_names": [
                  "file"
                ]
              }
            ],
            "resource_group_name": "openclaw-rg",
            "subnet_id": "/subscriptions/55a5740e-376a-4d19-9be9-ae2be9c3731e/resourceGroups/openclaw-rg/providers/Microsoft.Network/virtualNetworks/openclaw-vnet/subnets/pe-subnet",
            "tags": {},
            "timeouts": null
          },
          "sensitive_attributes": [],
          "identity_schema_version": 0,
          "identity": {
            "name": "pe-storage-files",
            "resource_group_name": "openclaw-rg",
            "subscription_id": "55a5740e-376a-4d19-9be9-ae2be9c3731e"
          },
          "private": "eyJlMmJmYjczMC1lY2FhLTExZTYtOGY4OC0zNDM2M2JjN2M0YzAiOnsiY3JlYXRlIjozNjAwMDAwMDAwMDAwLCJkZWxldGUiOjM2MDAwMDAwMDAwMDAsInJlYWQiOjMwMDAwMDAwMDAwMCwidXBkYXRlIjozNjAwMDAwMDAwMDAwfX0=",
          "dependencies": [
            "azurerm_private_dns_zone.storage_file",
            "azurerm_storage_account.openclaw",
            "azurerm_subnet.aks",
            "azurerm_subnet.private_endpoints",
            "azurerm_virtual_network.main",
            "data.azurerm_resource_group.main",
            "random_id.suffix"
          ]
        }
      ]
    },
    {
      "mode": "managed",
      "type": "azurerm_role_assignment",
      "name": "admin_apim_contributor",
      "provider": "provider[\"registry.terraform.io/hashicorp/azurerm\"]",
      "instances": [
        {
          "index_key": 0,
          "schema_version": 0,
          "attributes": {
            "condition": "",
            "condition_version": "",
            "delegated_managed_identity_resource_id": "",
            "description": "",
            "id": "/subscriptions/55a5740e-376a-4d19-9be9-ae2be9c3731e/resourceGroups/openclaw-rg/providers/Microsoft.ApiManagement/service/openclaw-apim/providers/Microsoft.Authorization/roleAssignments/30f42abf-c16f-bd89-e375-0bb0bf3f3564",
            "name": "30f42abf-c16f-bd89-e375-0bb0bf3f3564",
            "principal_id": "3c865cb3-def7-416d-af30-cef06e34b95f",
            "principal_type": "ServicePrincipal",
            "role_definition_id": "/subscriptions/55a5740e-376a-4d19-9be9-ae2be9c3731e/providers/Microsoft.Authorization/roleDefinitions/312a565d-c81f-4fd8-895a-4e21e48d571c",
            "role_definition_name": "API Management Service Contributor",
            "scope": "/subscriptions/55a5740e-376a-4d19-9be9-ae2be9c3731e/resourceGroups/openclaw-rg/providers/Microsoft.ApiManagement/service/openclaw-apim",
            "skip_service_principal_aad_check": null,
            "timeouts": null
          },
          "sensitive_attributes": [],
          "identity_schema_version": 0,
          "private": "eyJlMmJmYjczMC1lY2FhLTExZTYtOGY4OC0zNDM2M2JjN2M0YzAiOnsiY3JlYXRlIjoxODAwMDAwMDAwMDAwLCJkZWxldGUiOjE4MDAwMDAwMDAwMDAsInJlYWQiOjMwMDAwMDAwMDAwMH19",
          "dependencies": [
            "azurerm_api_management.openclaw",
            "azurerm_user_assigned_identity.admin",
            "data.azurerm_resource_group.main"
          ]
        }
      ]
    },
    {
      "mode": "managed",
      "type": "azurerm_role_assignment",
      "name": "admin_kv_officer",
      "provider": "provider[\"registry.terraform.io/hashicorp/azurerm\"]",
      "instances": [
        {
          "schema_version": 0,
          "attributes": {
            "condition": "",
            "condition_version": "",
            "delegated_managed_identity_resource_id": "",
            "description": "",
            "id": "/subscriptions/55a5740e-376a-4d19-9be9-ae2be9c3731e/resourceGroups/openclaw-rg/providers/Microsoft.KeyVault/vaults/openclaw-kv-d18c3b3c/providers/Microsoft.Authorization/roleAssignments/650a44f2-80da-a447-e9db-374c2ef1d7c2",
            "name": "650a44f2-80da-a447-e9db-374c2ef1d7c2",
            "principal_id": "3c865cb3-def7-416d-af30-cef06e34b95f",
            "principal_type": "ServicePrincipal",
            "role_definition_id": "/subscriptions/55a5740e-376a-4d19-9be9-ae2be9c3731e/providers/Microsoft.Authorization/roleDefinitions/b86a8fe4-44ce-4948-aee5-eccb2c155cd7",
            "role_definition_name": "Key Vault Secrets Officer",
            "scope": "/subscriptions/55a5740e-376a-4d19-9be9-ae2be9c3731e/resourceGroups/openclaw-rg/providers/Microsoft.KeyVault/vaults/openclaw-kv-d18c3b3c",
            "skip_service_principal_aad_check": null,
            "timeouts": null
          },
          "sensitive_attributes": [],
          "identity_schema_version": 0,
          "private": "eyJlMmJmYjczMC1lY2FhLTExZTYtOGY4OC0zNDM2M2JjN2M0YzAiOnsiY3JlYXRlIjoxODAwMDAwMDAwMDAwLCJkZWxldGUiOjE4MDAwMDAwMDAwMDAsInJlYWQiOjMwMDAwMDAwMDAwMH19",
          "dependencies": [
            "azurerm_key_vault.openclaw",
            "azurerm_user_assigned_identity.admin",
            "data.azurerm_client_config.current",
            "data.azurerm_resource_group.main",
            "random_id.suffix"
          ]
        }
      ]
    },
    {
      "mode": "managed",
      "type": "azurerm_role_assignment",
      "name": "aks_acr",
      "provider": "provider[\"registry.terraform.io/hashicorp/azurerm\"]",
      "instances": [
        {
          "schema_version": 0,
          "attributes": {
            "condition": "",
            "condition_version": "",
            "delegated_managed_identity_resource_id": "",
            "description": "",
            "id": "/subscriptions/55a5740e-376a-4d19-9be9-ae2be9c3731e/resourceGroups/openclaw-rg/providers/Microsoft.ContainerRegistry/registries/openclawacrd18c3b3c/providers/Microsoft.Authorization/roleAssignments/0945b21d-2aa5-8786-6296-ad29d5e3bb9a",
            "name": "0945b21d-2aa5-8786-6296-ad29d5e3bb9a",
            "principal_id": "9fba79ab-76de-4ada-8ae1-29dbb5a5a543",
            "principal_type": "ServicePrincipal",
            "role_definition_id": "/subscriptions/55a5740e-376a-4d19-9be9-ae2be9c3731e/providers/Microsoft.Authorization/roleDefinitions/7f951dda-4ed3-4680-a7ca-43fe172d538d",
            "role_definition_name": "AcrPull",
            "scope": "/subscriptions/55a5740e-376a-4d19-9be9-ae2be9c3731e/resourceGroups/openclaw-rg/providers/Microsoft.ContainerRegistry/registries/openclawacrd18c3b3c",
            "skip_service_principal_aad_check": null,
            "timeouts": null
          },
          "sensitive_attributes": [],
          "identity_schema_version": 0,
          "private": "eyJlMmJmYjczMC1lY2FhLTExZTYtOGY4OC0zNDM2M2JjN2M0YzAiOnsiY3JlYXRlIjoxODAwMDAwMDAwMDAwLCJkZWxldGUiOjE4MDAwMDAwMDAwMDAsInJlYWQiOjMwMDAwMDAwMDAwMH19",
          "dependencies": [
            "azurerm_container_registry.openclaw",
            "azurerm_kubernetes_cluster.openclaw",
            "azurerm_log_analytics_workspace.openclaw",
            "azurerm_subnet.aks",
            "azurerm_virtual_network.main",
            "data.azurerm_resource_group.main",
            "random_id.suffix"
          ]
        }
      ]
    },
    {
      "mode": "managed",
      "type": "azurerm_role_assignment",
      "name": "apim_ai_user",
      "provider": "provider[\"registry.terraform.io/hashicorp/azurerm\"]",
      "instances": []
    },
    {
      "mode": "managed",
      "type": "azurerm_role_assignment",
      "name": "apim_kv_reader",
      "provider": "provider[\"registry.terraform.io/hashicorp/azurerm\"]",
      "instances": [
        {
          "index_key": 0,
          "schema_version": 0,
          "attributes": {
            "condition": "",
            "condition_version": "",
            "delegated_managed_identity_resource_id": "",
            "description": "",
            "id": "/subscriptions/55a5740e-376a-4d19-9be9-ae2be9c3731e/resourceGroups/openclaw-rg/providers/Microsoft.KeyVault/vaults/openclaw-kv-d18c3b3c/providers/Microsoft.Authorization/roleAssignments/82fb8a5c-eb15-8259-6e96-b70a365a733d",
            "name": "82fb8a5c-eb15-8259-6e96-b70a365a733d",
            "principal_id": "358f6395-4028-4dbf-882b-0d1ac007c2e9",
            "principal_type": "ServicePrincipal",
            "role_definition_id": "/subscriptions/55a5740e-376a-4d19-9be9-ae2be9c3731e/providers/Microsoft.Authorization/roleDefinitions/4633458b-17de-408a-b874-0445c86b69e6",
            "role_definition_name": "Key Vault Secrets User",
            "scope": "/subscriptions/55a5740e-376a-4d19-9be9-ae2be9c3731e/resourceGroups/openclaw-rg/providers/Microsoft.KeyVault/vaults/openclaw-kv-d18c3b3c",
            "skip_service_principal_aad_check": null,
            "timeouts": null
          },
          "sensitive_attributes": [],
          "identity_schema_version": 0,
          "private": "eyJlMmJmYjczMC1lY2FhLTExZTYtOGY4OC0zNDM2M2JjN2M0YzAiOnsiY3JlYXRlIjoxODAwMDAwMDAwMDAwLCJkZWxldGUiOjE4MDAwMDAwMDAwMDAsInJlYWQiOjMwMDAwMDAwMDAwMH19",
          "dependencies": [
            "azurerm_api_management.openclaw",
            "azurerm_key_vault.openclaw",
            "data.azurerm_client_config.current",
            "data.azurerm_resource_group.main",
            "random_id.suffix"
          ]
        }
      ]
    },
    {
      "mode": "managed",
      "type": "azurerm_role_assignment",
      "name": "deployer_kv_officer",
      "provider": "provider[\"registry.terraform.io/hashicorp/azurerm\"]",
      "instances": [
        {
          "schema_version": 0,
          "attributes": {
            "condition": "",
            "condition_version": "",
            "delegated_managed_identity_resource_id": "",
            "description": "",
            "id": "/subscriptions/55a5740e-376a-4d19-9be9-ae2be9c3731e/resourceGroups/openclaw-rg/providers/Microsoft.KeyVault/vaults/openclaw-kv-d18c3b3c/providers/Microsoft.Authorization/roleAssignments/8ebda345-b6e8-b692-7dbd-09c9c8db2c9f",
            "name": "8ebda345-b6e8-b692-7dbd-09c9c8db2c9f",
            "principal_id": "d6df74e8-c43b-44eb-b25d-e13c7d5fcbda",
            "principal_type": "User",
            "role_definition_id": "/subscriptions/55a5740e-376a-4d19-9be9-ae2be9c3731e/providers/Microsoft.Authorization/roleDefinitions/b86a8fe4-44ce-4948-aee5-eccb2c155cd7",
            "role_definition_name": "Key Vault Secrets Officer",
            "scope": "/subscriptions/55a5740e-376a-4d19-9be9-ae2be9c3731e/resourceGroups/openclaw-rg/providers/Microsoft.KeyVault/vaults/openclaw-kv-d18c3b3c",
            "skip_service_principal_aad_check": null,
            "timeouts": null
          },
          "sensitive_attributes": [],
          "identity_schema_version": 0,
          "private": "eyJlMmJmYjczMC1lY2FhLTExZTYtOGY4OC0zNDM2M2JjN2M0YzAiOnsiY3JlYXRlIjoxODAwMDAwMDAwMDAwLCJkZWxldGUiOjE4MDAwMDAwMDAwMDAsInJlYWQiOjMwMDAwMDAwMDAwMH19",
          "dependencies": [
            "azurerm_key_vault.openclaw",
            "data.azurerm_client_config.current",
            "data.azurerm_resource_group.main",
            "random_id.suffix"
          ]
        }
      ]
    },
    {
      "mode": "managed",
      "type": "azurerm_role_assignment",
      "name": "sandbox_kv_reader",
      "provider": "provider[\"registry.terraform.io/hashicorp/azurerm\"]",
      "instances": [
        {
          "schema_version": 0,
          "attributes": {
            "condition": "",
            "condition_version": "",
            "delegated_managed_identity_resource_id": "",
            "description": "",
            "id": "/subscriptions/55a5740e-376a-4d19-9be9-ae2be9c3731e/resourceGroups/openclaw-rg/providers/Microsoft.KeyVault/vaults/openclaw-kv-d18c3b3c/providers/Microsoft.Authorization/roleAssignments/61e68417-967a-e8d8-d9ef-c4758ed87658",
            "name": "61e68417-967a-e8d8-d9ef-c4758ed87658",
            "principal_id": "5ad67951-315e-490b-9710-60aafaa79549",
            "principal_type": "ServicePrincipal",
            "role_definition_id": "/subscriptions/55a5740e-376a-4d19-9be9-ae2be9c3731e/providers/Microsoft.Authorization/roleDefinitions/4633458b-17de-408a-b874-0445c86b69e6",
            "role_definition_name": "Key Vault Secrets User",
            "scope": "/subscriptions/55a5740e-376a-4d19-9be9-ae2be9c3731e/resourceGroups/openclaw-rg/providers/Microsoft.KeyVault/vaults/openclaw-kv-d18c3b3c",
            "skip_service_principal_aad_check": null,
            "timeouts": null
          },
          "sensitive_attributes": [],
          "identity_schema_version": 0,
          "private": "eyJlMmJmYjczMC1lY2FhLTExZTYtOGY4OC0zNDM2M2JjN2M0YzAiOnsiY3JlYXRlIjoxODAwMDAwMDAwMDAwLCJkZWxldGUiOjE4MDAwMDAwMDAwMDAsInJlYWQiOjMwMDAwMDAwMDAwMH19",
          "dependencies": [
            "azurerm_key_vault.openclaw",
            "azurerm_user_assigned_identity.sandbox",
            "data.azurerm_client_config.current",
            "data.azurerm_resource_group.main",
            "random_id.suffix"
          ]
        }
      ]
    },
    {
      "mode": "managed",
      "type": "azurerm_storage_account",
      "name": "openclaw",
      "provider": "provider[\"registry.terraform.io/hashicorp/azurerm\"]",
      "instances": [
        {
          "schema_version": 4,
          "attributes": {
            "access_tier": "Hot",
            "account_kind": "FileStorage",
            "account_replication_type": "LRS",
            "account_tier": "Premium",
            "allow_nested_items_to_be_public": true,
            "allowed_copy_scope": "",
            "azure_files_authentication": [],
            "blob_properties": [],
            "cross_tenant_replication_enabled": false,
            "custom_domain": [],
            "customer_managed_key": [],
            "default_to_oauth_authentication": false,
            "dns_endpoint_type": "Standard",
            "edge_zone": "",
            "https_traffic_only_enabled": false,
            "id": "/subscriptions/55a5740e-376a-4d19-9be9-ae2be9c3731e/resourceGroups/openclaw-rg/providers/Microsoft.Storage/storageAccounts/openclawstd18c3b3c",
            "identity": [],
            "immutability_policy": [],
            "infrastructure_encryption_enabled": false,
            "is_hns_enabled": false,
            "large_file_share_enabled": true,
            "local_user_enabled": true,
            "location": "westus2",
            "min_tls_version": "TLS1_2",
            "name": "openclawstd18c3b3c",
            "network_rules": [
              {
                "bypass": [
                  "AzureServices"
                ],
                "default_action": "Allow",
                "ip_rules": [],
                "private_link_access": [],
                "virtual_network_subnet_ids": [
                  "/subscriptions/55a5740e-376a-4d19-9be9-ae2be9c3731e/resourceGroups/openclaw-rg/providers/Microsoft.Network/virtualNetworks/openclaw-vnet/subnets/aks-subnet"
                ]
              }
            ],
            "nfsv3_enabled": false,
            "primary_access_key": "bbkmNpARYCfE+4k/QfpDiju85U51AlWmdBRp/ymwUzDmwhn+dwHH6XFFk4Th1NmqZFgcXIRZ6z98+AStZj40vA==",
            "primary_blob_connection_string": "",
            "primary_blob_endpoint": "",
            "primary_blob_host": "",
            "primary_blob_internet_endpoint": "",
            "primary_blob_internet_host": "",
            "primary_blob_microsoft_endpoint": "",
            "primary_blob_microsoft_host": "",
            "primary_connection_string": "DefaultEndpointsProtocol=https;AccountName=openclawstd18c3b3c;AccountKey=bbkmNpARYCfE+4k/QfpDiju85U51AlWmdBRp/ymwUzDmwhn+dwHH6XFFk4Th1NmqZFgcXIRZ6z98+AStZj40vA==;EndpointSuffix=core.windows.net",
            "primary_dfs_endpoint": "",
            "primary_dfs_host": "",
            "primary_dfs_internet_endpoint": "",
            "primary_dfs_internet_host": "",
            "primary_dfs_microsoft_endpoint": "",
            "primary_dfs_microsoft_host": "",
            "primary_file_endpoint": "https://openclawstd18c3b3c.file.core.windows.net/",
            "primary_file_host": "openclawstd18c3b3c.file.core.windows.net",
            "primary_file_internet_endpoint": "",
            "primary_file_internet_host": "",
            "primary_file_microsoft_endpoint": "",
            "primary_file_microsoft_host": "",
            "primary_location": "westus2",
            "primary_queue_endpoint": "",
            "primary_queue_host": "",
            "primary_queue_microsoft_endpoint": "",
            "primary_queue_microsoft_host": "",
            "primary_table_endpoint": "",
            "primary_table_host": "",
            "primary_table_microsoft_endpoint": "",
            "primary_table_microsoft_host": "",
            "primary_web_endpoint": "",
            "primary_web_host": "",
            "primary_web_internet_endpoint": "",
            "primary_web_internet_host": "",
            "primary_web_microsoft_endpoint": "",
            "primary_web_microsoft_host": "",
            "provisioned_billing_model_version": "",
            "public_network_access_enabled": true,
            "queue_encryption_key_type": "Service",
            "queue_properties": [],
            "resource_group_name": "openclaw-rg",
            "routing": [],
            "sas_policy": [],
            "secondary_access_key": "Kjf3tzjY5UyYgLACzrDAMsd9SuGJEkSKmx2AdaSKb0StWxdM3eYoOzZRN0d/v/Emnwep+BfblxyA+AStMJNtjA==",
            "secondary_blob_connection_string": "",
            "secondary_blob_endpoint": "",
            "secondary_blob_host": "",
            "secondary_blob_internet_endpoint": "",
            "secondary_blob_internet_host": "",
            "secondary_blob_microsoft_endpoint": "",
            "secondary_blob_microsoft_host": "",
            "secondary_connection_string": "DefaultEndpointsProtocol=https;AccountName=openclawstd18c3b3c;AccountKey=Kjf3tzjY5UyYgLACzrDAMsd9SuGJEkSKmx2AdaSKb0StWxdM3eYoOzZRN0d/v/Emnwep+BfblxyA+AStMJNtjA==;EndpointSuffix=core.windows.net",
            "secondary_dfs_endpoint": "",
            "secondary_dfs_host": "",
            "secondary_dfs_internet_endpoint": "",
            "secondary_dfs_internet_host": "",
            "secondary_dfs_microsoft_endpoint": "",
            "secondary_dfs_microsoft_host": "",
            "secondary_file_endpoint": "",
            "secondary_file_host": "",
            "secondary_file_internet_endpoint": "",
            "secondary_file_internet_host": "",
            "secondary_file_microsoft_endpoint": "",
            "secondary_file_microsoft_host": "",
            "secondary_location": "",
            "secondary_queue_endpoint": "",
            "secondary_queue_host": "",
            "secondary_queue_microsoft_endpoint": "",
            "secondary_queue_microsoft_host": "",
            "secondary_table_endpoint": "",
            "secondary_table_host": "",
            "secondary_table_microsoft_endpoint": "",
            "secondary_table_microsoft_host": "",
            "secondary_web_endpoint": "",
            "secondary_web_host": "",
            "secondary_web_internet_endpoint": "",
            "secondary_web_internet_host": "",
            "secondary_web_microsoft_endpoint": "",
            "secondary_web_microsoft_host": "",
            "sftp_enabled": false,
            "share_properties": [
              {
                "cors_rule": [],
                "retention_policy": [
                  {
                    "days": 7
                  }
                ],
                "smb": [
                  {
                    "authentication_types": [],
                    "channel_encryption_type": [],
                    "kerberos_ticket_encryption_type": [],
                    "multichannel_enabled": true,
                    "versions": []
                  }
                ]
              }
            ],
            "shared_access_key_enabled": false,
            "static_website": [],
            "table_encryption_key_type": "Service",
            "tags": {},
            "timeouts": null
          },
          "sensitive_attributes": [
            [
              {
                "type": "get_attr",
                "value": "primary_access_key"
              }
            ],
            [
              {
                "type": "get_attr",
                "value": "primary_blob_connection_string"
              }
            ],
            [
              {
                "type": "get_attr",
                "value": "primary_connection_string"
              }
            ],
            [
              {
                "type": "get_attr",
                "value": "secondary_access_key"
              }
            ],
            [
              {
                "type": "get_attr",
                "value": "secondary_blob_connection_string"
              }
            ],
            [
              {
                "type": "get_attr",
                "value": "secondary_connection_string"
              }
            ]
          ],
          "identity_schema_version": 0,
          "identity": {
            "name": "openclawstd18c3b3c",
            "resource_group_name": "openclaw-rg",
            "subscription_id": "55a5740e-376a-4d19-9be9-ae2be9c3731e"
          },
          "private": "eyJlMmJmYjczMC1lY2FhLTExZTYtOGY4OC0zNDM2M2JjN2M0YzAiOnsiY3JlYXRlIjozNjAwMDAwMDAwMDAwLCJkZWxldGUiOjM2MDAwMDAwMDAwMDAsInJlYWQiOjMwMDAwMDAwMDAwMCwidXBkYXRlIjozNjAwMDAwMDAwMDAwfSwic2NoZW1hX3ZlcnNpb24iOiI0In0=",
          "dependencies": [
            "azurerm_subnet.aks",
            "azurerm_virtual_network.main",
            "data.azurerm_resource_group.main",
            "random_id.suffix"
          ]
        }
      ]
    },
    {
      "mode": "managed",
      "type": "azurerm_storage_share",
      "name": "openclaw",
      "provider": "provider[\"registry.terraform.io/hashicorp/azurerm\"]",
      "instances": [
        {
          "schema_version": 2,
          "attributes": {
            "access_tier": "Premium",
            "acl": [],
            "enabled_protocol": "NFS",
            "id": "/subscriptions/55a5740e-376a-4d19-9be9-ae2be9c3731e/resourceGroups/openclaw-rg/providers/Microsoft.Storage/storageAccounts/openclawstd18c3b3c/fileServices/default/shares/openclaw-data",
            "metadata": {},
            "name": "openclaw-data",
            "quota": 100,
            "resource_manager_id": "/subscriptions/55a5740e-376a-4d19-9be9-ae2be9c3731e/resourceGroups/openclaw-rg/providers/Microsoft.Storage/storageAccounts/openclawstd18c3b3c/fileServices/default/shares/openclaw-data",
            "storage_account_id": "/subscriptions/55a5740e-376a-4d19-9be9-ae2be9c3731e/resourceGroups/openclaw-rg/providers/Microsoft.Storage/storageAccounts/openclawstd18c3b3c",
            "storage_account_name": "",
            "timeouts": null,
            "url": "https://openclawstd18c3b3c.file.core.windows.net/openclaw-data"
          },
          "sensitive_attributes": [],
          "identity_schema_version": 0,
          "private": "eyJlMmJmYjczMC1lY2FhLTExZTYtOGY4OC0zNDM2M2JjN2M0YzAiOnsiY3JlYXRlIjoxODAwMDAwMDAwMDAwLCJkZWxldGUiOjE4MDAwMDAwMDAwMDAsInJlYWQiOjMwMDAwMDAwMDAwMCwidXBkYXRlIjoxODAwMDAwMDAwMDAwfSwic2NoZW1hX3ZlcnNpb24iOiIyIn0=",
          "dependencies": [
            "azurerm_storage_account.openclaw",
            "azurerm_subnet.aks",
            "azurerm_virtual_network.main",
            "data.azurerm_resource_group.main",
            "random_id.suffix"
          ]
        }
      ]
    },
    {
      "mode": "managed",
      "type": "azurerm_subnet",
      "name": "aks",
      "provider": "provider[\"registry.terraform.io/hashicorp/azurerm\"]",
      "instances": [
        {
          "schema_version": 0,
          "attributes": {
            "address_prefixes": [
              "10.0.0.0/22"
            ],
            "default_outbound_access_enabled": true,
            "delegation": [],
            "id": "/subscriptions/55a5740e-376a-4d19-9be9-ae2be9c3731e/resourceGroups/openclaw-rg/providers/Microsoft.Network/virtualNetworks/openclaw-vnet/subnets/aks-subnet",
            "ip_address_pool": [],
            "name": "aks-subnet",
            "private_endpoint_network_policies": "Disabled",
            "private_link_service_network_policies_enabled": true,
            "resource_group_name": "openclaw-rg",
            "service_endpoint_policy_ids": [],
            "service_endpoints": [
              "Microsoft.Storage"
            ],
            "sharing_scope": "",
            "timeouts": null,
            "virtual_network_name": "openclaw-vnet"
          },
          "sensitive_attributes": [],
          "identity_schema_version": 0,
          "identity": {
            "name": "aks-subnet",
            "resource_group_name": "openclaw-rg",
            "subscription_id": "55a5740e-376a-4d19-9be9-ae2be9c3731e",
            "virtual_network_name": "openclaw-vnet"
          },
          "private": "eyJlMmJmYjczMC1lY2FhLTExZTYtOGY4OC0zNDM2M2JjN2M0YzAiOnsiY3JlYXRlIjoxODAwMDAwMDAwMDAwLCJkZWxldGUiOjE4MDAwMDAwMDAwMDAsInJlYWQiOjMwMDAwMDAwMDAwMCwidXBkYXRlIjoxODAwMDAwMDAwMDAwfX0=",
          "dependencies": [
            "azurerm_virtual_network.main",
            "data.azurerm_resource_group.main"
          ]
        }
      ]
    },
    {
      "mode": "managed",
      "type": "azurerm_subnet",
      "name": "apim",
      "provider": "provider[\"registry.terraform.io/hashicorp/azurerm\"]",
      "instances": [
        {
          "schema_version": 0,
          "attributes": {
            "address_prefixes": [
              "10.0.8.0/24"
            ],
            "default_outbound_access_enabled": true,
            "delegation": [
              {
                "name": "apim-delegation",
                "service_delegation": [
                  {
                    "actions": [
                      "Microsoft.Network/virtualNetworks/subnets/join/action"
                    ],
                    "name": "Microsoft.ApiManagement/service"
                  }
                ]
              }
            ],
            "id": "/subscriptions/55a5740e-376a-4d19-9be9-ae2be9c3731e/resourceGroups/openclaw-rg/providers/Microsoft.Network/virtualNetworks/openclaw-vnet/subnets/apim-subnet",
            "ip_address_pool": [],
            "name": "apim-subnet",
            "private_endpoint_network_policies": "Disabled",
            "private_link_service_network_policies_enabled": true,
            "resource_group_name": "openclaw-rg",
            "service_endpoint_policy_ids": [],
            "service_endpoints": [],
            "sharing_scope": "",
            "timeouts": null,
            "virtual_network_name": "openclaw-vnet"
          },
          "sensitive_attributes": [],
          "identity_schema_version": 0,
          "identity": {
            "name": "apim-subnet",
            "resource_group_name": "openclaw-rg",
            "subscription_id": "55a5740e-376a-4d19-9be9-ae2be9c3731e",
            "virtual_network_name": "openclaw-vnet"
          },
          "private": "eyJlMmJmYjczMC1lY2FhLTExZTYtOGY4OC0zNDM2M2JjN2M0YzAiOnsiY3JlYXRlIjoxODAwMDAwMDAwMDAwLCJkZWxldGUiOjE4MDAwMDAwMDAwMDAsInJlYWQiOjMwMDAwMDAwMDAwMCwidXBkYXRlIjoxODAwMDAwMDAwMDAwfX0=",
          "dependencies": [
            "azurerm_virtual_network.main",
            "data.azurerm_resource_group.main"
          ]
        }
      ]
    },
    {
      "mode": "managed",
      "type": "azurerm_subnet",
      "name": "private_endpoints",
      "provider": "provider[\"registry.terraform.io/hashicorp/azurerm\"]",
      "instances": [
        {
          "schema_version": 0,
          "attributes": {
            "address_prefixes": [
              "10.0.12.0/24"
            ],
            "default_outbound_access_enabled": true,
            "delegation": [],
            "id": "/subscriptions/55a5740e-376a-4d19-9be9-ae2be9c3731e/resourceGroups/openclaw-rg/providers/Microsoft.Network/virtualNetworks/openclaw-vnet/subnets/pe-subnet",
            "ip_address_pool": [],
            "name": "pe-subnet",
            "private_endpoint_network_policies": "Disabled",
            "private_link_service_network_policies_enabled": true,
            "resource_group_name": "openclaw-rg",
            "service_endpoint_policy_ids": [],
            "service_endpoints": [],
            "sharing_scope": "",
            "timeouts": null,
            "virtual_network_name": "openclaw-vnet"
          },
          "sensitive_attributes": [],
          "identity_schema_version": 0,
          "identity": {
            "name": "pe-subnet",
            "resource_group_name": "openclaw-rg",
            "subscription_id": "55a5740e-376a-4d19-9be9-ae2be9c3731e",
            "virtual_network_name": "openclaw-vnet"
          },
          "private": "eyJlMmJmYjczMC1lY2FhLTExZTYtOGY4OC0zNDM2M2JjN2M0YzAiOnsiY3JlYXRlIjoxODAwMDAwMDAwMDAwLCJkZWxldGUiOjE4MDAwMDAwMDAwMDAsInJlYWQiOjMwMDAwMDAwMDAwMCwidXBkYXRlIjoxODAwMDAwMDAwMDAwfX0=",
          "dependencies": [
            "azurerm_virtual_network.main",
            "data.azurerm_resource_group.main"
          ]
        }
      ]
    },
    {
      "mode": "managed",
      "type": "azurerm_subnet_network_security_group_association",
      "name": "apim",
      "provider": "provider[\"registry.terraform.io/hashicorp/azurerm\"]",
      "instances": [
        {
          "schema_version": 0,
          "attributes": {
            "id": "/subscriptions/55a5740e-376a-4d19-9be9-ae2be9c3731e/resourceGroups/openclaw-rg/providers/Microsoft.Network/virtualNetworks/openclaw-vnet/subnets/apim-subnet",
            "network_security_group_id": "/subscriptions/55a5740e-376a-4d19-9be9-ae2be9c3731e/resourceGroups/openclaw-rg/providers/Microsoft.Network/networkSecurityGroups/apim-nsg",
            "subnet_id": "/subscriptions/55a5740e-376a-4d19-9be9-ae2be9c3731e/resourceGroups/openclaw-rg/providers/Microsoft.Network/virtualNetworks/openclaw-vnet/subnets/apim-subnet",
            "timeouts": null
          },
          "sensitive_attributes": [],
          "identity_schema_version": 0,
          "private": "eyJlMmJmYjczMC1lY2FhLTExZTYtOGY4OC0zNDM2M2JjN2M0YzAiOnsiY3JlYXRlIjoxODAwMDAwMDAwMDAwLCJkZWxldGUiOjE4MDAwMDAwMDAwMDAsInJlYWQiOjMwMDAwMDAwMDAwMH19",
          "dependencies": [
            "azurerm_network_security_group.apim",
            "azurerm_subnet.apim",
            "azurerm_virtual_network.main",
            "data.azurerm_resource_group.main"
          ]
        }
      ]
    },
    {
      "mode": "managed",
      "type": "azurerm_user_assigned_identity",
      "name": "admin",
      "provider": "provider[\"registry.terraform.io/hashicorp/azurerm\"]",
      "instances": [
        {
          "schema_version": 1,
          "attributes": {
            "client_id": "e5df712f-2632-4c6f-9a3c-eb07e001b6bf",
            "id": "/subscriptions/55a5740e-376a-4d19-9be9-ae2be9c3731e/resourceGroups/openclaw-rg/providers/Microsoft.ManagedIdentity/userAssignedIdentities/openclaw-admin-identity",
            "isolation_scope": "",
            "location": "westus2",
            "name": "openclaw-admin-identity",
            "principal_id": "3c865cb3-def7-416d-af30-cef06e34b95f",
            "resource_group_name": "openclaw-rg",
            "tags": {},
            "tenant_id": "20d50aa8-9f98-45c5-a698-e58be99c390d",
            "timeouts": null
          },
          "sensitive_attributes": [],
          "identity_schema_version": 0,
          "private": "eyJlMmJmYjczMC1lY2FhLTExZTYtOGY4OC0zNDM2M2JjN2M0YzAiOnsiY3JlYXRlIjoxODAwMDAwMDAwMDAwLCJkZWxldGUiOjE4MDAwMDAwMDAwMDAsInJlYWQiOjMwMDAwMDAwMDAwMCwidXBkYXRlIjoxODAwMDAwMDAwMDAwfSwic2NoZW1hX3ZlcnNpb24iOiIxIn0=",
          "dependencies": [
            "data.azurerm_resource_group.main"
          ]
        }
      ]
    },
    {
      "mode": "managed",
      "type": "azurerm_user_assigned_identity",
      "name": "sandbox",
      "provider": "provider[\"registry.terraform.io/hashicorp/azurerm\"]",
      "instances": [
        {
          "schema_version": 1,
          "attributes": {
            "client_id": "f7aa5405-a2ca-4740-937c-c080afdb15cc",
            "id": "/subscriptions/55a5740e-376a-4d19-9be9-ae2be9c3731e/resourceGroups/openclaw-rg/providers/Microsoft.ManagedIdentity/userAssignedIdentities/openclaw-sandbox-identity",
            "isolation_scope": "",
            "location": "westus2",
            "name": "openclaw-sandbox-identity",
            "principal_id": "5ad67951-315e-490b-9710-60aafaa79549",
            "resource_group_name": "openclaw-rg",
            "tags": {},
            "tenant_id": "20d50aa8-9f98-45c5-a698-e58be99c390d",
            "timeouts": null
          },
          "sensitive_attributes": [],
          "identity_schema_version": 0,
          "private": "eyJlMmJmYjczMC1lY2FhLTExZTYtOGY4OC0zNDM2M2JjN2M0YzAiOnsiY3JlYXRlIjoxODAwMDAwMDAwMDAwLCJkZWxldGUiOjE4MDAwMDAwMDAwMDAsInJlYWQiOjMwMDAwMDAwMDAwMCwidXBkYXRlIjoxODAwMDAwMDAwMDAwfSwic2NoZW1hX3ZlcnNpb24iOiIxIn0=",
          "dependencies": [
            "data.azurerm_resource_group.main"
          ]
        }
      ]
    },
    {
      "mode": "managed",
      "type": "azurerm_virtual_network",
      "name": "main",
      "provider": "provider[\"registry.terraform.io/hashicorp/azurerm\"]",
      "instances": [
        {
          "schema_version": 0,
          "attributes": {
            "address_space": [
              "10.0.0.0/16"
            ],
            "bgp_community": "",
            "ddos_protection_plan": [],
            "dns_servers": [],
            "edge_zone": "",
            "encryption": [],
            "flow_timeout_in_minutes": 0,
            "guid": "c16c9478-8a8a-4659-bfef-ad3242a6e2e3",
            "id": "/subscriptions/55a5740e-376a-4d19-9be9-ae2be9c3731e/resourceGroups/openclaw-rg/providers/Microsoft.Network/virtualNetworks/openclaw-vnet",
            "ip_address_pool": [],
            "location": "westus2",
            "name": "openclaw-vnet",
            "private_endpoint_vnet_policies": "Disabled",
            "resource_group_name": "openclaw-rg",
            "subnet": [
              {
                "address_prefixes": [
                  "10.0.0.0/22"
                ],
                "default_outbound_access_enabled": true,
                "delegation": [],
                "id": "/subscriptions/55a5740e-376a-4d19-9be9-ae2be9c3731e/resourceGroups/openclaw-rg/providers/Microsoft.Network/virtualNetworks/openclaw-vnet/subnets/aks-subnet",
                "name": "aks-subnet",
                "private_endpoint_network_policies": "Disabled",
                "private_link_service_network_policies_enabled": true,
                "route_table_id": "",
                "security_group": "",
                "service_endpoint_policy_ids": [],
                "service_endpoints": [
                  "Microsoft.Storage"
                ]
              },
              {
                "address_prefixes": [
                  "10.0.12.0/24"
                ],
                "default_outbound_access_enabled": true,
                "delegation": [],
                "id": "/subscriptions/55a5740e-376a-4d19-9be9-ae2be9c3731e/resourceGroups/openclaw-rg/providers/Microsoft.Network/virtualNetworks/openclaw-vnet/subnets/pe-subnet",
                "name": "pe-subnet",
                "private_endpoint_network_policies": "Disabled",
                "private_link_service_network_policies_enabled": true,
                "route_table_id": "",
                "security_group": "",
                "service_endpoint_policy_ids": [],
                "service_endpoints": []
              },
              {
                "address_prefixes": [
                  "10.0.8.0/24"
                ],
                "default_outbound_access_enabled": true,
                "delegation": [
                  {
                    "name": "apim-delegation",
                    "service_delegation": [
                      {
                        "actions": [
                          "Microsoft.Network/virtualNetworks/subnets/join/action",
                          "Microsoft.Network/virtualNetworks/subnets/prepareNetworkPolicies/action"
                        ],
                        "name": "Microsoft.ApiManagement/service"
                      }
                    ]
                  }
                ],
                "id": "/subscriptions/55a5740e-376a-4d19-9be9-ae2be9c3731e/resourceGroups/openclaw-rg/providers/Microsoft.Network/virtualNetworks/openclaw-vnet/subnets/apim-subnet",
                "name": "apim-subnet",
                "private_endpoint_network_policies": "Disabled",
                "private_link_service_network_policies_enabled": true,
                "route_table_id": "",
                "security_group": "/subscriptions/55a5740e-376a-4d19-9be9-ae2be9c3731e/resourceGroups/openclaw-rg/providers/Microsoft.Network/networkSecurityGroups/apim-nsg",
                "service_endpoint_policy_ids": [],
                "service_endpoints": []
              }
            ],
            "tags": {},
            "timeouts": null
          },
          "sensitive_attributes": [],
          "identity_schema_version": 0,
          "identity": {
            "name": "openclaw-vnet",
            "resource_group_name": "openclaw-rg",
            "subscription_id": "55a5740e-376a-4d19-9be9-ae2be9c3731e"
          },
          "private": "eyJlMmJmYjczMC1lY2FhLTExZTYtOGY4OC0zNDM2M2JjN2M0YzAiOnsiY3JlYXRlIjoxODAwMDAwMDAwMDAwLCJkZWxldGUiOjE4MDAwMDAwMDAwMDAsInJlYWQiOjMwMDAwMDAwMDAwMCwidXBkYXRlIjoxODAwMDAwMDAwMDAwfX0=",
          "dependencies": [
            "data.azurerm_resource_group.main"
          ]
        }
      ]
    },
    {
      "mode": "managed",
      "type": "random_id",
      "name": "suffix",
      "provider": "provider[\"registry.terraform.io/hashicorp/random\"]",
      "instances": [
        {
          "schema_version": 0,
          "attributes": {
            "b64_std": "0Yw7PA==",
            "b64_url": "0Yw7PA",
            "byte_length": 4,
            "dec": "3515628348",
            "hex": "d18c3b3c",
            "id": "0Yw7PA",
            "keepers": null,
            "prefix": null
          },
          "sensitive_attributes": [],
          "identity_schema_version": 0
        }
      ]
    }
  ],
  "check_results": [
    {
      "object_kind": "var",
      "config_addr": "var.apim_backend_auth_mode",
      "status": "pass",
      "objects": [
        {
          "object_addr": "var.apim_backend_auth_mode",
          "status": "pass"
        }
      ]
    }
  ]
}
